// !$*UTF8*$!
{
	archiveVersion = 1;
	classes = {
	};
	objectVersion = 55;
	objects = {

/* Begin PBXBuildFile section */
		9E96973E2899161600A039D7 /* Assets.xcassets in Resources */ = {isa = PBXBuildFile; fileRef = 9E9697102899161500A039D7 /* Assets.xcassets */; };
		9E96973F2899161600A039D7 /* Assets.xcassets in Resources */ = {isa = PBXBuildFile; fileRef = 9E9697102899161500A039D7 /* Assets.xcassets */; };
		9EC785682899216F0017E82E /* AccountPage (INCOMPLETE).swift in Sources */ = {isa = PBXBuildFile; fileRef = 9EC785672899216F0017E82E /* AccountPage (INCOMPLETE).swift */; };
		9EC785692899216F0017E82E /* AccountPage (INCOMPLETE).swift in Sources */ = {isa = PBXBuildFile; fileRef = 9EC785672899216F0017E82E /* AccountPage (INCOMPLETE).swift */; };
		9EC78573289921920017E82E /* OrdersPage (INCOMPLETE) .swift in Sources */ = {isa = PBXBuildFile; fileRef = 9EC7856A289921920017E82E /* OrdersPage (INCOMPLETE) .swift */; };
		9EC78574289921920017E82E /* OrdersPage (INCOMPLETE) .swift in Sources */ = {isa = PBXBuildFile; fileRef = 9EC7856A289921920017E82E /* OrdersPage (INCOMPLETE) .swift */; };
		9EC78575289921920017E82E /* MAIN.swift in Sources */ = {isa = PBXBuildFile; fileRef = 9EC7856B289921920017E82E /* MAIN.swift */; };
		9EC78576289921920017E82E /* MAIN.swift in Sources */ = {isa = PBXBuildFile; fileRef = 9EC7856B289921920017E82E /* MAIN.swift */; };
		9EC78577289921920017E82E /* LandingPage (INCOMPLETE).swift in Sources */ = {isa = PBXBuildFile; fileRef = 9EC7856C289921920017E82E /* LandingPage (INCOMPLETE).swift */; };
		9EC78578289921920017E82E /* LandingPage (INCOMPLETE).swift in Sources */ = {isa = PBXBuildFile; fileRef = 9EC7856C289921920017E82E /* LandingPage (INCOMPLETE).swift */; };
		9EC78579289921920017E82E /* LoadingScreen.swift in Sources */ = {isa = PBXBuildFile; fileRef = 9EC7856D289921920017E82E /* LoadingScreen.swift */; };
		9EC7857A289921920017E82E /* LoadingScreen.swift in Sources */ = {isa = PBXBuildFile; fileRef = 9EC7856D289921920017E82E /* LoadingScreen.swift */; };
		9EC7857B289921920017E82E /* LogInPage.swift in Sources */ = {isa = PBXBuildFile; fileRef = 9EC7856E289921920017E82E /* LogInPage.swift */; };
		9EC7857C289921920017E82E /* LogInPage.swift in Sources */ = {isa = PBXBuildFile; fileRef = 9EC7856E289921920017E82E /* LogInPage.swift */; };
		9EC7857D289921920017E82E /* Basket (INCOMPLETE).swift in Sources */ = {isa = PBXBuildFile; fileRef = 9EC7856F289921920017E82E /* Basket (INCOMPLETE).swift */; };
		9EC7857E289921920017E82E /* Basket (INCOMPLETE).swift in Sources */ = {isa = PBXBuildFile; fileRef = 9EC7856F289921920017E82E /* Basket (INCOMPLETE).swift */; };
		9EC7857F289921920017E82E /* MotherView.swift in Sources */ = {isa = PBXBuildFile; fileRef = 9EC78570289921920017E82E /* MotherView.swift */; };
		9EC78580289921920017E82E /* MotherView.swift in Sources */ = {isa = PBXBuildFile; fileRef = 9EC78570289921920017E82E /* MotherView.swift */; };
		9EC78581289921920017E82E /* Menu (INCOMPLETE).swift in Sources */ = {isa = PBXBuildFile; fileRef = 9EC78571289921920017E82E /* Menu (INCOMPLETE).swift */; };
		9EC78582289921920017E82E /* Menu (INCOMPLETE).swift in Sources */ = {isa = PBXBuildFile; fileRef = 9EC78571289921920017E82E /* Menu (INCOMPLETE).swift */; };
		9EC78583289921920017E82E /* GeneralStructs.swift in Sources */ = {isa = PBXBuildFile; fileRef = 9EC78572289921920017E82E /* GeneralStructs.swift */; };
		9EC78584289921920017E82E /* GeneralStructs.swift in Sources */ = {isa = PBXBuildFile; fileRef = 9EC78572289921920017E82E /* GeneralStructs.swift */; };
		9EC7858728992A400017E82E /* FirebaseAnalytics in Frameworks */ = {isa = PBXBuildFile; productRef = 9EC7858628992A400017E82E /* FirebaseAnalytics */; };
		9EC7858928992A400017E82E /* FirebaseAnalyticsOnDeviceConversion in Frameworks */ = {isa = PBXBuildFile; productRef = 9EC7858828992A400017E82E /* FirebaseAnalyticsOnDeviceConversion */; };
		9EC7858B28992A400017E82E /* FirebaseAnalyticsSwift in Frameworks */ = {isa = PBXBuildFile; productRef = 9EC7858A28992A400017E82E /* FirebaseAnalyticsSwift */; };
		9EC7858D28992A400017E82E /* FirebaseAnalyticsWithoutAdIdSupport in Frameworks */ = {isa = PBXBuildFile; productRef = 9EC7858C28992A400017E82E /* FirebaseAnalyticsWithoutAdIdSupport */; };
		9EC7858F28992A400017E82E /* FirebaseAppCheck in Frameworks */ = {isa = PBXBuildFile; productRef = 9EC7858E28992A400017E82E /* FirebaseAppCheck */; };
		9EC7859128992A400017E82E /* FirebaseAppDistribution-Beta in Frameworks */ = {isa = PBXBuildFile; productRef = 9EC7859028992A400017E82E /* FirebaseAppDistribution-Beta */; };
		9EC7859328992A400017E82E /* FirebaseAuth in Frameworks */ = {isa = PBXBuildFile; productRef = 9EC7859228992A400017E82E /* FirebaseAuth */; };
		9EC7859528992A400017E82E /* FirebaseAuthCombine-Community in Frameworks */ = {isa = PBXBuildFile; productRef = 9EC7859428992A400017E82E /* FirebaseAuthCombine-Community */; };
		9EC7859728992A400017E82E /* FirebaseCrashlytics in Frameworks */ = {isa = PBXBuildFile; productRef = 9EC7859628992A400017E82E /* FirebaseCrashlytics */; };
		9EC7859928992A400017E82E /* FirebaseDatabase in Frameworks */ = {isa = PBXBuildFile; productRef = 9EC7859828992A400017E82E /* FirebaseDatabase */; };
		9EC7859B28992A400017E82E /* FirebaseDatabaseSwift in Frameworks */ = {isa = PBXBuildFile; productRef = 9EC7859A28992A400017E82E /* FirebaseDatabaseSwift */; };
		9EC7859D28992A400017E82E /* FirebaseDynamicLinks in Frameworks */ = {isa = PBXBuildFile; productRef = 9EC7859C28992A400017E82E /* FirebaseDynamicLinks */; };
		9EC7859F28992A400017E82E /* FirebaseFirestore in Frameworks */ = {isa = PBXBuildFile; productRef = 9EC7859E28992A400017E82E /* FirebaseFirestore */; };
		9EC785A128992A400017E82E /* FirebaseFirestoreCombine-Community in Frameworks */ = {isa = PBXBuildFile; productRef = 9EC785A028992A400017E82E /* FirebaseFirestoreCombine-Community */; };
		9EC785A328992A400017E82E /* FirebaseFirestoreSwift in Frameworks */ = {isa = PBXBuildFile; productRef = 9EC785A228992A400017E82E /* FirebaseFirestoreSwift */; };
		9EC785A528992A400017E82E /* FirebaseFunctions in Frameworks */ = {isa = PBXBuildFile; productRef = 9EC785A428992A400017E82E /* FirebaseFunctions */; };
		9EC785A728992A400017E82E /* FirebaseFunctionsCombine-Community in Frameworks */ = {isa = PBXBuildFile; productRef = 9EC785A628992A400017E82E /* FirebaseFunctionsCombine-Community */; };
		9EC785A928992A400017E82E /* FirebaseInAppMessaging-Beta in Frameworks */ = {isa = PBXBuildFile; productRef = 9EC785A828992A400017E82E /* FirebaseInAppMessaging-Beta */; };
		9EC785AB28992A400017E82E /* FirebaseInAppMessagingSwift-Beta in Frameworks */ = {isa = PBXBuildFile; productRef = 9EC785AA28992A400017E82E /* FirebaseInAppMessagingSwift-Beta */; };
		9EC785AD28992A400017E82E /* FirebaseInstallations in Frameworks */ = {isa = PBXBuildFile; productRef = 9EC785AC28992A400017E82E /* FirebaseInstallations */; };
		9EC785AF28992A400017E82E /* FirebaseMLModelDownloader in Frameworks */ = {isa = PBXBuildFile; productRef = 9EC785AE28992A400017E82E /* FirebaseMLModelDownloader */; };
		9EC785B128992A400017E82E /* FirebaseMessaging in Frameworks */ = {isa = PBXBuildFile; productRef = 9EC785B028992A400017E82E /* FirebaseMessaging */; };
		9EC785B328992A400017E82E /* FirebasePerformance in Frameworks */ = {isa = PBXBuildFile; productRef = 9EC785B228992A400017E82E /* FirebasePerformance */; };
		9EC785B528992A400017E82E /* FirebaseRemoteConfig in Frameworks */ = {isa = PBXBuildFile; productRef = 9EC785B428992A400017E82E /* FirebaseRemoteConfig */; };
		9EC785B728992A400017E82E /* FirebaseRemoteConfigSwift in Frameworks */ = {isa = PBXBuildFile; productRef = 9EC785B628992A400017E82E /* FirebaseRemoteConfigSwift */; };
		9EC785B928992A400017E82E /* FirebaseStorage in Frameworks */ = {isa = PBXBuildFile; productRef = 9EC785B828992A400017E82E /* FirebaseStorage */; };
		9EC785BB28992A400017E82E /* FirebaseStorageCombine-Community in Frameworks */ = {isa = PBXBuildFile; productRef = 9EC785BA28992A400017E82E /* FirebaseStorageCombine-Community */; };
		9EC785C4289B201B0017E82E /* Firebase.swift in Sources */ = {isa = PBXBuildFile; fileRef = 9EC785C3289B201B0017E82E /* Firebase.swift */; };
		9EC785C5289B201B0017E82E /* Firebase.swift in Sources */ = {isa = PBXBuildFile; fileRef = 9EC785C3289B201B0017E82E /* Firebase.swift */; };
/* End PBXBuildFile section */

/* Begin PBXContainerItemProxy section */
		9E9697232899161600A039D7 /* PBXContainerItemProxy */ = {
			isa = PBXContainerItemProxy;
			containerPortal = 9E9697062899161200A039D7 /* Project object */;
			proxyType = 1;
			remoteGlobalIDString = 9E9697142899161600A039D7;
			remoteInfo = "Rugby School Stodge (iOS)";
		};
		9E96972F2899161600A039D7 /* PBXContainerItemProxy */ = {
			isa = PBXContainerItemProxy;
			containerPortal = 9E9697062899161200A039D7 /* Project object */;
			proxyType = 1;
			remoteGlobalIDString = 9E96971A2899161600A039D7;
			remoteInfo = "Rugby School Stodge (macOS)";
		};
/* End PBXContainerItemProxy section */

/* Begin PBXFileReference section */
		9E3D7834289DC82C00066636 /* GoogleService-Info.plist */ = {isa = PBXFileReference; lastKnownFileType = text.plist.xml; path = "GoogleService-Info.plist"; sourceTree = "<group>"; };
		9E9697102899161500A039D7 /* Assets.xcassets */ = {isa = PBXFileReference; lastKnownFileType = folder.assetcatalog; path = Assets.xcassets; sourceTree = "<group>"; };
		9E9697152899161600A039D7 /* Rugby School Stodge.app */ = {isa = PBXFileReference; explicitFileType = wrapper.application; includeInIndex = 0; path = "Rugby School Stodge.app"; sourceTree = BUILT_PRODUCTS_DIR; };
		9E96971B2899161600A039D7 /* Rugby School Stodge.app */ = {isa = PBXFileReference; explicitFileType = wrapper.application; includeInIndex = 0; path = "Rugby School Stodge.app"; sourceTree = BUILT_PRODUCTS_DIR; };
		9E9697222899161600A039D7 /* Tests iOS.xctest */ = {isa = PBXFileReference; explicitFileType = wrapper.cfbundle; includeInIndex = 0; path = "Tests iOS.xctest"; sourceTree = BUILT_PRODUCTS_DIR; };
		9E96972E2899161600A039D7 /* Tests macOS.xctest */ = {isa = PBXFileReference; explicitFileType = wrapper.cfbundle; includeInIndex = 0; path = "Tests macOS.xctest"; sourceTree = BUILT_PRODUCTS_DIR; };
		9EC785672899216F0017E82E /* AccountPage (INCOMPLETE).swift */ = {isa = PBXFileReference; fileEncoding = 4; lastKnownFileType = sourcecode.swift; path = "AccountPage (INCOMPLETE).swift"; sourceTree = "<group>"; };
		9EC7856A289921920017E82E /* OrdersPage (INCOMPLETE) .swift */ = {isa = PBXFileReference; fileEncoding = 4; lastKnownFileType = sourcecode.swift; path = "OrdersPage (INCOMPLETE) .swift"; sourceTree = "<group>"; };
		9EC7856B289921920017E82E /* MAIN.swift */ = {isa = PBXFileReference; fileEncoding = 4; lastKnownFileType = sourcecode.swift; path = MAIN.swift; sourceTree = "<group>"; };
		9EC7856C289921920017E82E /* LandingPage (INCOMPLETE).swift */ = {isa = PBXFileReference; fileEncoding = 4; lastKnownFileType = sourcecode.swift; path = "LandingPage (INCOMPLETE).swift"; sourceTree = "<group>"; };
		9EC7856D289921920017E82E /* LoadingScreen.swift */ = {isa = PBXFileReference; fileEncoding = 4; lastKnownFileType = sourcecode.swift; path = LoadingScreen.swift; sourceTree = "<group>"; };
		9EC7856E289921920017E82E /* LogInPage.swift */ = {isa = PBXFileReference; fileEncoding = 4; lastKnownFileType = sourcecode.swift; path = LogInPage.swift; sourceTree = "<group>"; };
		9EC7856F289921920017E82E /* Basket (INCOMPLETE).swift */ = {isa = PBXFileReference; fileEncoding = 4; lastKnownFileType = sourcecode.swift; path = "Basket (INCOMPLETE).swift"; sourceTree = "<group>"; };
		9EC78570289921920017E82E /* MotherView.swift */ = {isa = PBXFileReference; fileEncoding = 4; lastKnownFileType = sourcecode.swift; path = MotherView.swift; sourceTree = "<group>"; };
		9EC78571289921920017E82E /* Menu (INCOMPLETE).swift */ = {isa = PBXFileReference; fileEncoding = 4; lastKnownFileType = sourcecode.swift; path = "Menu (INCOMPLETE).swift"; sourceTree = "<group>"; };
		9EC78572289921920017E82E /* GeneralStructs.swift */ = {isa = PBXFileReference; fileEncoding = 4; lastKnownFileType = sourcecode.swift; path = GeneralStructs.swift; sourceTree = "<group>"; };
		9EC785BC28992B6B0017E82E /* Rugby-School-Stodge--iOS--Info.plist */ = {isa = PBXFileReference; lastKnownFileType = text.plist; path = "Rugby-School-Stodge--iOS--Info.plist"; sourceTree = "<group>"; };
		9EC785C3289B201B0017E82E /* Firebase.swift */ = {isa = PBXFileReference; lastKnownFileType = sourcecode.swift; path = Firebase.swift; sourceTree = "<group>"; };
/* End PBXFileReference section */

/* Begin PBXFrameworksBuildPhase section */
		9E9697122899161600A039D7 /* Frameworks */ = {
			isa = PBXFrameworksBuildPhase;
			buildActionMask = 2147483647;
			files = (
				9EC7859928992A400017E82E /* FirebaseDatabase in Frameworks */,
				9EC785A728992A400017E82E /* FirebaseFunctionsCombine-Community in Frameworks */,
				9EC7859F28992A400017E82E /* FirebaseFirestore in Frameworks */,
				9EC7858B28992A400017E82E /* FirebaseAnalyticsSwift in Frameworks */,
				9EC7858728992A400017E82E /* FirebaseAnalytics in Frameworks */,
				9EC7858928992A400017E82E /* FirebaseAnalyticsOnDeviceConversion in Frameworks */,
				9EC785AF28992A400017E82E /* FirebaseMLModelDownloader in Frameworks */,
				9EC785A328992A400017E82E /* FirebaseFirestoreSwift in Frameworks */,
				9EC7858F28992A400017E82E /* FirebaseAppCheck in Frameworks */,
				9EC7858D28992A400017E82E /* FirebaseAnalyticsWithoutAdIdSupport in Frameworks */,
				9EC7859328992A400017E82E /* FirebaseAuth in Frameworks */,
				9EC7859728992A400017E82E /* FirebaseCrashlytics in Frameworks */,
				9EC785B728992A400017E82E /* FirebaseRemoteConfigSwift in Frameworks */,
				9EC785A928992A400017E82E /* FirebaseInAppMessaging-Beta in Frameworks */,
				9EC7859B28992A400017E82E /* FirebaseDatabaseSwift in Frameworks */,
				9EC785A528992A400017E82E /* FirebaseFunctions in Frameworks */,
				9EC785BB28992A400017E82E /* FirebaseStorageCombine-Community in Frameworks */,
				9EC785B528992A400017E82E /* FirebaseRemoteConfig in Frameworks */,
				9EC7859128992A400017E82E /* FirebaseAppDistribution-Beta in Frameworks */,
				9EC7859528992A400017E82E /* FirebaseAuthCombine-Community in Frameworks */,
				9EC785B328992A400017E82E /* FirebasePerformance in Frameworks */,
				9EC785AB28992A400017E82E /* FirebaseInAppMessagingSwift-Beta in Frameworks */,
				9EC785B928992A400017E82E /* FirebaseStorage in Frameworks */,
				9EC7859D28992A400017E82E /* FirebaseDynamicLinks in Frameworks */,
				9EC785A128992A400017E82E /* FirebaseFirestoreCombine-Community in Frameworks */,
				9EC785B128992A400017E82E /* FirebaseMessaging in Frameworks */,
				9EC785AD28992A400017E82E /* FirebaseInstallations in Frameworks */,
			);
			runOnlyForDeploymentPostprocessing = 0;
		};
		9E9697182899161600A039D7 /* Frameworks */ = {
			isa = PBXFrameworksBuildPhase;
			buildActionMask = 2147483647;
			files = (
			);
			runOnlyForDeploymentPostprocessing = 0;
		};
		9E96971F2899161600A039D7 /* Frameworks */ = {
			isa = PBXFrameworksBuildPhase;
			buildActionMask = 2147483647;
			files = (
			);
			runOnlyForDeploymentPostprocessing = 0;
		};
		9E96972B2899161600A039D7 /* Frameworks */ = {
			isa = PBXFrameworksBuildPhase;
			buildActionMask = 2147483647;
			files = (
			);
			runOnlyForDeploymentPostprocessing = 0;
		};
/* End PBXFrameworksBuildPhase section */

/* Begin PBXGroup section */
		9E9697052899161200A039D7 = {
			isa = PBXGroup;
			children = (
				9EC785BC28992B6B0017E82E /* Rugby-School-Stodge--iOS--Info.plist */,
				9EC7856E289921920017E82E /* LogInPage.swift */,
				9EC7856C289921920017E82E /* LandingPage (INCOMPLETE).swift */,
				9EC78571289921920017E82E /* Menu (INCOMPLETE).swift */,
				9EC7856F289921920017E82E /* Basket (INCOMPLETE).swift */,
				9EC7856A289921920017E82E /* OrdersPage (INCOMPLETE) .swift */,
				9EC785672899216F0017E82E /* AccountPage (INCOMPLETE).swift */,
				9EC7856D289921920017E82E /* LoadingScreen.swift */,
				9EC78572289921920017E82E /* GeneralStructs.swift */,
				9EC78570289921920017E82E /* MotherView.swift */,
				9EC7856B289921920017E82E /* MAIN.swift */,
				9EC785C3289B201B0017E82E /* Firebase.swift */,
				9E9697102899161500A039D7 /* Assets.xcassets */,
				9E3D7834289DC82C00066636 /* GoogleService-Info.plist */,
				9E9697162899161600A039D7 /* Products */,
			);
			sourceTree = "<group>";
		};
		9E9697162899161600A039D7 /* Products */ = {
			isa = PBXGroup;
			children = (
				9E9697152899161600A039D7 /* Rugby School Stodge.app */,
				9E96971B2899161600A039D7 /* Rugby School Stodge.app */,
				9E9697222899161600A039D7 /* Tests iOS.xctest */,
				9E96972E2899161600A039D7 /* Tests macOS.xctest */,
			);
			name = Products;
			sourceTree = "<group>";
		};
/* End PBXGroup section */

/* Begin PBXNativeTarget section */
		9E9697142899161600A039D7 /* Rugby School Stodge (iOS) */ = {
			isa = PBXNativeTarget;
			buildConfigurationList = 9E9697422899161600A039D7 /* Build configuration list for PBXNativeTarget "Rugby School Stodge (iOS)" */;
			buildPhases = (
				9E9697112899161600A039D7 /* Sources */,
				9E9697122899161600A039D7 /* Frameworks */,
				9E9697132899161600A039D7 /* Resources */,
			);
			buildRules = (
			);
			dependencies = (
			);
			name = "Rugby School Stodge (iOS)";
			packageProductDependencies = (
				9EC7858628992A400017E82E /* FirebaseAnalytics */,
				9EC7858828992A400017E82E /* FirebaseAnalyticsOnDeviceConversion */,
				9EC7858A28992A400017E82E /* FirebaseAnalyticsSwift */,
				9EC7858C28992A400017E82E /* FirebaseAnalyticsWithoutAdIdSupport */,
				9EC7858E28992A400017E82E /* FirebaseAppCheck */,
				9EC7859028992A400017E82E /* FirebaseAppDistribution-Beta */,
				9EC7859228992A400017E82E /* FirebaseAuth */,
				9EC7859428992A400017E82E /* FirebaseAuthCombine-Community */,
				9EC7859628992A400017E82E /* FirebaseCrashlytics */,
				9EC7859828992A400017E82E /* FirebaseDatabase */,
				9EC7859A28992A400017E82E /* FirebaseDatabaseSwift */,
				9EC7859C28992A400017E82E /* FirebaseDynamicLinks */,
				9EC7859E28992A400017E82E /* FirebaseFirestore */,
				9EC785A028992A400017E82E /* FirebaseFirestoreCombine-Community */,
				9EC785A228992A400017E82E /* FirebaseFirestoreSwift */,
				9EC785A428992A400017E82E /* FirebaseFunctions */,
				9EC785A628992A400017E82E /* FirebaseFunctionsCombine-Community */,
				9EC785A828992A400017E82E /* FirebaseInAppMessaging-Beta */,
				9EC785AA28992A400017E82E /* FirebaseInAppMessagingSwift-Beta */,
				9EC785AC28992A400017E82E /* FirebaseInstallations */,
				9EC785AE28992A400017E82E /* FirebaseMLModelDownloader */,
				9EC785B028992A400017E82E /* FirebaseMessaging */,
				9EC785B228992A400017E82E /* FirebasePerformance */,
				9EC785B428992A400017E82E /* FirebaseRemoteConfig */,
				9EC785B628992A400017E82E /* FirebaseRemoteConfigSwift */,
				9EC785B828992A400017E82E /* FirebaseStorage */,
				9EC785BA28992A400017E82E /* FirebaseStorageCombine-Community */,
			);
			productName = "Rugby School Stodge (iOS)";
			productReference = 9E9697152899161600A039D7 /* Rugby School Stodge.app */;
			productType = "com.apple.product-type.application";
		};
		9E96971A2899161600A039D7 /* Rugby School Stodge (macOS) */ = {
			isa = PBXNativeTarget;
			buildConfigurationList = 9E9697452899161600A039D7 /* Build configuration list for PBXNativeTarget "Rugby School Stodge (macOS)" */;
			buildPhases = (
				9E9697172899161600A039D7 /* Sources */,
				9E9697182899161600A039D7 /* Frameworks */,
				9E9697192899161600A039D7 /* Resources */,
			);
			buildRules = (
			);
			dependencies = (
			);
			name = "Rugby School Stodge (macOS)";
			productName = "Rugby School Stodge (macOS)";
			productReference = 9E96971B2899161600A039D7 /* Rugby School Stodge.app */;
			productType = "com.apple.product-type.application";
		};
		9E9697212899161600A039D7 /* Tests iOS */ = {
			isa = PBXNativeTarget;
			buildConfigurationList = 9E9697482899161600A039D7 /* Build configuration list for PBXNativeTarget "Tests iOS" */;
			buildPhases = (
				9E96971E2899161600A039D7 /* Sources */,
				9E96971F2899161600A039D7 /* Frameworks */,
				9E9697202899161600A039D7 /* Resources */,
			);
			buildRules = (
			);
			dependencies = (
				9E9697242899161600A039D7 /* PBXTargetDependency */,
			);
			name = "Tests iOS";
			productName = "Tests iOS";
			productReference = 9E9697222899161600A039D7 /* Tests iOS.xctest */;
			productType = "com.apple.product-type.bundle.ui-testing";
		};
		9E96972D2899161600A039D7 /* Tests macOS */ = {
			isa = PBXNativeTarget;
			buildConfigurationList = 9E96974B2899161600A039D7 /* Build configuration list for PBXNativeTarget "Tests macOS" */;
			buildPhases = (
				9E96972A2899161600A039D7 /* Sources */,
				9E96972B2899161600A039D7 /* Frameworks */,
				9E96972C2899161600A039D7 /* Resources */,
			);
			buildRules = (
			);
			dependencies = (
				9E9697302899161600A039D7 /* PBXTargetDependency */,
			);
			name = "Tests macOS";
			productName = "Tests macOS";
			productReference = 9E96972E2899161600A039D7 /* Tests macOS.xctest */;
			productType = "com.apple.product-type.bundle.ui-testing";
		};
/* End PBXNativeTarget section */

/* Begin PBXProject section */
		9E9697062899161200A039D7 /* Project object */ = {
			isa = PBXProject;
			attributes = {
				BuildIndependentTargetsInParallel = 1;
				LastSwiftUpdateCheck = 1340;
				LastUpgradeCheck = 1340;
				TargetAttributes = {
					9E9697142899161600A039D7 = {
						CreatedOnToolsVersion = 13.4.1;
					};
					9E96971A2899161600A039D7 = {
						CreatedOnToolsVersion = 13.4.1;
					};
					9E9697212899161600A039D7 = {
						CreatedOnToolsVersion = 13.4.1;
						TestTargetID = 9E9697142899161600A039D7;
					};
					9E96972D2899161600A039D7 = {
						CreatedOnToolsVersion = 13.4.1;
						TestTargetID = 9E96971A2899161600A039D7;
					};
				};
			};
			buildConfigurationList = 9E9697092899161200A039D7 /* Build configuration list for PBXProject "Rugby School Stodge" */;
			compatibilityVersion = "Xcode 13.0";
			developmentRegion = en;
			hasScannedForEncodings = 0;
			knownRegions = (
				en,
				Base,
			);
			mainGroup = 9E9697052899161200A039D7;
			packageReferences = (
				9EC7858528992A400017E82E /* XCRemoteSwiftPackageReference "firebase-ios-sdk" */,
			);
			productRefGroup = 9E9697162899161600A039D7 /* Products */;
			projectDirPath = "";
			projectRoot = "";
			targets = (
				9E9697142899161600A039D7 /* Rugby School Stodge (iOS) */,
				9E96971A2899161600A039D7 /* Rugby School Stodge (macOS) */,
				9E9697212899161600A039D7 /* Tests iOS */,
				9E96972D2899161600A039D7 /* Tests macOS */,
			);
		};
/* End PBXProject section */

/* Begin PBXResourcesBuildPhase section */
		9E9697132899161600A039D7 /* Resources */ = {
			isa = PBXResourcesBuildPhase;
			buildActionMask = 2147483647;
			files = (
				9E96973E2899161600A039D7 /* Assets.xcassets in Resources */,
			);
			runOnlyForDeploymentPostprocessing = 0;
		};
		9E9697192899161600A039D7 /* Resources */ = {
			isa = PBXResourcesBuildPhase;
			buildActionMask = 2147483647;
			files = (
				9E96973F2899161600A039D7 /* Assets.xcassets in Resources */,
			);
			runOnlyForDeploymentPostprocessing = 0;
		};
		9E9697202899161600A039D7 /* Resources */ = {
			isa = PBXResourcesBuildPhase;
			buildActionMask = 2147483647;
			files = (
			);
			runOnlyForDeploymentPostprocessing = 0;
		};
		9E96972C2899161600A039D7 /* Resources */ = {
			isa = PBXResourcesBuildPhase;
			buildActionMask = 2147483647;
			files = (
			);
			runOnlyForDeploymentPostprocessing = 0;
		};
/* End PBXResourcesBuildPhase section */

/* Begin PBXSourcesBuildPhase section */
		9E9697112899161600A039D7 /* Sources */ = {
			isa = PBXSourcesBuildPhase;
			buildActionMask = 2147483647;
			files = (
				9EC7857B289921920017E82E /* LogInPage.swift in Sources */,
				9EC7857F289921920017E82E /* MotherView.swift in Sources */,
				9EC78583289921920017E82E /* GeneralStructs.swift in Sources */,
				9EC7857D289921920017E82E /* Basket (INCOMPLETE).swift in Sources */,
				9EC785682899216F0017E82E /* AccountPage (INCOMPLETE).swift in Sources */,
				9EC78581289921920017E82E /* Menu (INCOMPLETE).swift in Sources */,
				9EC78577289921920017E82E /* LandingPage (INCOMPLETE).swift in Sources */,
				9EC785C4289B201B0017E82E /* Firebase.swift in Sources */,
				9EC78573289921920017E82E /* OrdersPage (INCOMPLETE) .swift in Sources */,
				9EC78575289921920017E82E /* MAIN.swift in Sources */,
				9EC78579289921920017E82E /* LoadingScreen.swift in Sources */,
			);
			runOnlyForDeploymentPostprocessing = 0;
		};
		9E9697172899161600A039D7 /* Sources */ = {
			isa = PBXSourcesBuildPhase;
			buildActionMask = 2147483647;
			files = (
				9EC7857C289921920017E82E /* LogInPage.swift in Sources */,
				9EC78580289921920017E82E /* MotherView.swift in Sources */,
				9EC78584289921920017E82E /* GeneralStructs.swift in Sources */,
				9EC7857E289921920017E82E /* Basket (INCOMPLETE).swift in Sources */,
				9EC785692899216F0017E82E /* AccountPage (INCOMPLETE).swift in Sources */,
				9EC78582289921920017E82E /* Menu (INCOMPLETE).swift in Sources */,
				9EC78578289921920017E82E /* LandingPage (INCOMPLETE).swift in Sources */,
				9EC785C5289B201B0017E82E /* Firebase.swift in Sources */,
				9EC78574289921920017E82E /* OrdersPage (INCOMPLETE) .swift in Sources */,
				9EC78576289921920017E82E /* MAIN.swift in Sources */,
				9EC7857A289921920017E82E /* LoadingScreen.swift in Sources */,
			);
			runOnlyForDeploymentPostprocessing = 0;
		};
		9E96971E2899161600A039D7 /* Sources */ = {
			isa = PBXSourcesBuildPhase;
			buildActionMask = 2147483647;
			files = (
			);
			runOnlyForDeploymentPostprocessing = 0;
		};
		9E96972A2899161600A039D7 /* Sources */ = {
			isa = PBXSourcesBuildPhase;
			buildActionMask = 2147483647;
			files = (
			);
			runOnlyForDeploymentPostprocessing = 0;
		};
/* End PBXSourcesBuildPhase section */

/* Begin PBXTargetDependency section */
		9E9697242899161600A039D7 /* PBXTargetDependency */ = {
			isa = PBXTargetDependency;
			target = 9E9697142899161600A039D7 /* Rugby School Stodge (iOS) */;
			targetProxy = 9E9697232899161600A039D7 /* PBXContainerItemProxy */;
		};
		9E9697302899161600A039D7 /* PBXTargetDependency */ = {
			isa = PBXTargetDependency;
			target = 9E96971A2899161600A039D7 /* Rugby School Stodge (macOS) */;
			targetProxy = 9E96972F2899161600A039D7 /* PBXContainerItemProxy */;
		};
/* End PBXTargetDependency section */

/* Begin XCBuildConfiguration section */
		9E9697402899161600A039D7 /* Debug */ = {
			isa = XCBuildConfiguration;
			buildSettings = {
				ALWAYS_SEARCH_USER_PATHS = NO;
				CLANG_ANALYZER_NONNULL = YES;
				CLANG_ANALYZER_NUMBER_OBJECT_CONVERSION = YES_AGGRESSIVE;
				CLANG_CXX_LANGUAGE_STANDARD = "gnu++17";
				CLANG_ENABLE_MODULES = YES;
				CLANG_ENABLE_OBJC_ARC = YES;
				CLANG_ENABLE_OBJC_WEAK = YES;
				CLANG_WARN_BLOCK_CAPTURE_AUTORELEASING = YES;
				CLANG_WARN_BOOL_CONVERSION = YES;
				CLANG_WARN_COMMA = YES;
				CLANG_WARN_CONSTANT_CONVERSION = YES;
				CLANG_WARN_DEPRECATED_OBJC_IMPLEMENTATIONS = YES;
				CLANG_WARN_DIRECT_OBJC_ISA_USAGE = YES_ERROR;
				CLANG_WARN_DOCUMENTATION_COMMENTS = YES;
				CLANG_WARN_EMPTY_BODY = YES;
				CLANG_WARN_ENUM_CONVERSION = YES;
				CLANG_WARN_INFINITE_RECURSION = YES;
				CLANG_WARN_INT_CONVERSION = YES;
				CLANG_WARN_NON_LITERAL_NULL_CONVERSION = YES;
				CLANG_WARN_OBJC_IMPLICIT_RETAIN_SELF = YES;
				CLANG_WARN_OBJC_LITERAL_CONVERSION = YES;
				CLANG_WARN_OBJC_ROOT_CLASS = YES_ERROR;
				CLANG_WARN_QUOTED_INCLUDE_IN_FRAMEWORK_HEADER = YES;
				CLANG_WARN_RANGE_LOOP_ANALYSIS = YES;
				CLANG_WARN_STRICT_PROTOTYPES = YES;
				CLANG_WARN_SUSPICIOUS_MOVE = YES;
				CLANG_WARN_UNGUARDED_AVAILABILITY = YES_AGGRESSIVE;
				CLANG_WARN_UNREACHABLE_CODE = YES;
				CLANG_WARN__DUPLICATE_METHOD_MATCH = YES;
				COPY_PHASE_STRIP = NO;
				DEBUG_INFORMATION_FORMAT = dwarf;
				ENABLE_STRICT_OBJC_MSGSEND = YES;
				ENABLE_TESTABILITY = YES;
				GCC_C_LANGUAGE_STANDARD = gnu11;
				GCC_DYNAMIC_NO_PIC = NO;
				GCC_NO_COMMON_BLOCKS = YES;
				GCC_OPTIMIZATION_LEVEL = 0;
				GCC_PREPROCESSOR_DEFINITIONS = (
					"DEBUG=1",
					"$(inherited)",
				);
				GCC_WARN_64_TO_32_BIT_CONVERSION = YES;
				GCC_WARN_ABOUT_RETURN_TYPE = YES_ERROR;
				GCC_WARN_UNDECLARED_SELECTOR = YES;
				GCC_WARN_UNINITIALIZED_AUTOS = YES_AGGRESSIVE;
				GCC_WARN_UNUSED_FUNCTION = YES;
				GCC_WARN_UNUSED_VARIABLE = YES;
				MTL_ENABLE_DEBUG_INFO = INCLUDE_SOURCE;
				MTL_FAST_MATH = YES;
				ONLY_ACTIVE_ARCH = YES;
				SWIFT_ACTIVE_COMPILATION_CONDITIONS = DEBUG;
				SWIFT_OPTIMIZATION_LEVEL = "-Onone";
			};
			name = Debug;
		};
		9E9697412899161600A039D7 /* Release */ = {
			isa = XCBuildConfiguration;
			buildSettings = {
				ALWAYS_SEARCH_USER_PATHS = NO;
				CLANG_ANALYZER_NONNULL = YES;
				CLANG_ANALYZER_NUMBER_OBJECT_CONVERSION = YES_AGGRESSIVE;
				CLANG_CXX_LANGUAGE_STANDARD = "gnu++17";
				CLANG_ENABLE_MODULES = YES;
				CLANG_ENABLE_OBJC_ARC = YES;
				CLANG_ENABLE_OBJC_WEAK = YES;
				CLANG_WARN_BLOCK_CAPTURE_AUTORELEASING = YES;
				CLANG_WARN_BOOL_CONVERSION = YES;
				CLANG_WARN_COMMA = YES;
				CLANG_WARN_CONSTANT_CONVERSION = YES;
				CLANG_WARN_DEPRECATED_OBJC_IMPLEMENTATIONS = YES;
				CLANG_WARN_DIRECT_OBJC_ISA_USAGE = YES_ERROR;
				CLANG_WARN_DOCUMENTATION_COMMENTS = YES;
				CLANG_WARN_EMPTY_BODY = YES;
				CLANG_WARN_ENUM_CONVERSION = YES;
				CLANG_WARN_INFINITE_RECURSION = YES;
				CLANG_WARN_INT_CONVERSION = YES;
				CLANG_WARN_NON_LITERAL_NULL_CONVERSION = YES;
				CLANG_WARN_OBJC_IMPLICIT_RETAIN_SELF = YES;
				CLANG_WARN_OBJC_LITERAL_CONVERSION = YES;
				CLANG_WARN_OBJC_ROOT_CLASS = YES_ERROR;
				CLANG_WARN_QUOTED_INCLUDE_IN_FRAMEWORK_HEADER = YES;
				CLANG_WARN_RANGE_LOOP_ANALYSIS = YES;
				CLANG_WARN_STRICT_PROTOTYPES = YES;
				CLANG_WARN_SUSPICIOUS_MOVE = YES;
				CLANG_WARN_UNGUARDED_AVAILABILITY = YES_AGGRESSIVE;
				CLANG_WARN_UNREACHABLE_CODE = YES;
				CLANG_WARN__DUPLICATE_METHOD_MATCH = YES;
				COPY_PHASE_STRIP = NO;
				DEBUG_INFORMATION_FORMAT = "dwarf-with-dsym";
				ENABLE_NS_ASSERTIONS = NO;
				ENABLE_STRICT_OBJC_MSGSEND = YES;
				GCC_C_LANGUAGE_STANDARD = gnu11;
				GCC_NO_COMMON_BLOCKS = YES;
				GCC_WARN_64_TO_32_BIT_CONVERSION = YES;
				GCC_WARN_ABOUT_RETURN_TYPE = YES_ERROR;
				GCC_WARN_UNDECLARED_SELECTOR = YES;
				GCC_WARN_UNINITIALIZED_AUTOS = YES_AGGRESSIVE;
				GCC_WARN_UNUSED_FUNCTION = YES;
				GCC_WARN_UNUSED_VARIABLE = YES;
				MTL_ENABLE_DEBUG_INFO = NO;
				MTL_FAST_MATH = YES;
				SWIFT_COMPILATION_MODE = wholemodule;
				SWIFT_OPTIMIZATION_LEVEL = "-O";
			};
			name = Release;
		};
		9E9697432899161600A039D7 /* Debug */ = {
			isa = XCBuildConfiguration;
			buildSettings = {
				ASSETCATALOG_COMPILER_APPICON_NAME = AppIcon;
				ASSETCATALOG_COMPILER_GLOBAL_ACCENT_COLOR_NAME = AccentColor;
				CODE_SIGN_STYLE = Automatic;
				CURRENT_PROJECT_VERSION = 1;
				ENABLE_PREVIEWS = YES;
				GENERATE_INFOPLIST_FILE = YES;
				INFOPLIST_FILE = "Rugby-School-Stodge--iOS--Info.plist";
				INFOPLIST_KEY_UIApplicationSceneManifest_Generation = YES;
				INFOPLIST_KEY_UIApplicationSupportsIndirectInputEvents = YES;
				INFOPLIST_KEY_UILaunchScreen_Generation = YES;
				INFOPLIST_KEY_UISupportedInterfaceOrientations_iPad = "UIInterfaceOrientationPortrait UIInterfaceOrientationPortraitUpsideDown UIInterfaceOrientationLandscapeLeft UIInterfaceOrientationLandscapeRight";
				INFOPLIST_KEY_UISupportedInterfaceOrientations_iPhone = "UIInterfaceOrientationPortrait UIInterfaceOrientationLandscapeLeft UIInterfaceOrientationLandscapeRight";
				IPHONEOS_DEPLOYMENT_TARGET = 15.5;
				LD_RUNPATH_SEARCH_PATHS = (
					"$(inherited)",
					"@executable_path/Frameworks",
				);
				MARKETING_VERSION = 1.0;
				PRODUCT_BUNDLE_IDENTIFIER = "William-Chen.Rugby-School-Stodge";
				PRODUCT_NAME = "Rugby School Stodge";
				SDKROOT = iphoneos;
				SWIFT_EMIT_LOC_STRINGS = YES;
				SWIFT_VERSION = 5.0;
				TARGETED_DEVICE_FAMILY = "1,2";
			};
			name = Debug;
		};
		9E9697442899161600A039D7 /* Release */ = {
			isa = XCBuildConfiguration;
			buildSettings = {
				ASSETCATALOG_COMPILER_APPICON_NAME = AppIcon;
				ASSETCATALOG_COMPILER_GLOBAL_ACCENT_COLOR_NAME = AccentColor;
				CODE_SIGN_STYLE = Automatic;
				CURRENT_PROJECT_VERSION = 1;
				ENABLE_PREVIEWS = YES;
				GENERATE_INFOPLIST_FILE = YES;
				INFOPLIST_FILE = "Rugby-School-Stodge--iOS--Info.plist";
				INFOPLIST_KEY_UIApplicationSceneManifest_Generation = YES;
				INFOPLIST_KEY_UIApplicationSupportsIndirectInputEvents = YES;
				INFOPLIST_KEY_UILaunchScreen_Generation = YES;
				INFOPLIST_KEY_UISupportedInterfaceOrientations_iPad = "UIInterfaceOrientationPortrait UIInterfaceOrientationPortraitUpsideDown UIInterfaceOrientationLandscapeLeft UIInterfaceOrientationLandscapeRight";
				INFOPLIST_KEY_UISupportedInterfaceOrientations_iPhone = "UIInterfaceOrientationPortrait UIInterfaceOrientationLandscapeLeft UIInterfaceOrientationLandscapeRight";
				IPHONEOS_DEPLOYMENT_TARGET = 15.5;
				LD_RUNPATH_SEARCH_PATHS = (
					"$(inherited)",
					"@executable_path/Frameworks",
				);
				MARKETING_VERSION = 1.0;
				PRODUCT_BUNDLE_IDENTIFIER = "William-Chen.Rugby-School-Stodge";
				PRODUCT_NAME = "Rugby School Stodge";
				SDKROOT = iphoneos;
				SWIFT_EMIT_LOC_STRINGS = YES;
				SWIFT_VERSION = 5.0;
				TARGETED_DEVICE_FAMILY = "1,2";
				VALIDATE_PRODUCT = YES;
			};
			name = Release;
		};
		9E9697462899161600A039D7 /* Debug */ = {
			isa = XCBuildConfiguration;
			buildSettings = {
				ASSETCATALOG_COMPILER_APPICON_NAME = AppIcon;
				ASSETCATALOG_COMPILER_GLOBAL_ACCENT_COLOR_NAME = AccentColor;
				CODE_SIGN_ENTITLEMENTS = macOS/macOS.entitlements;
				CODE_SIGN_STYLE = Automatic;
				COMBINE_HIDPI_IMAGES = YES;
				CURRENT_PROJECT_VERSION = 1;
				ENABLE_PREVIEWS = YES;
				GENERATE_INFOPLIST_FILE = YES;
				INFOPLIST_KEY_NSHumanReadableCopyright = "";
				LD_RUNPATH_SEARCH_PATHS = (
					"$(inherited)",
					"@executable_path/../Frameworks",
				);
				MACOSX_DEPLOYMENT_TARGET = 12.3;
				MARKETING_VERSION = 1.0;
				PRODUCT_BUNDLE_IDENTIFIER = "William-Chen.Rugby-School-Stodge";
				PRODUCT_NAME = "Rugby School Stodge";
				SDKROOT = macosx;
				SWIFT_EMIT_LOC_STRINGS = YES;
				SWIFT_VERSION = 5.0;
			};
			name = Debug;
		};
		9E9697472899161600A039D7 /* Release */ = {
			isa = XCBuildConfiguration;
			buildSettings = {
				ASSETCATALOG_COMPILER_APPICON_NAME = AppIcon;
				ASSETCATALOG_COMPILER_GLOBAL_ACCENT_COLOR_NAME = AccentColor;
				CODE_SIGN_ENTITLEMENTS = macOS/macOS.entitlements;
				CODE_SIGN_STYLE = Automatic;
				COMBINE_HIDPI_IMAGES = YES;
				CURRENT_PROJECT_VERSION = 1;
				ENABLE_PREVIEWS = YES;
				GENERATE_INFOPLIST_FILE = YES;
				INFOPLIST_KEY_NSHumanReadableCopyright = "";
				LD_RUNPATH_SEARCH_PATHS = (
					"$(inherited)",
					"@executable_path/../Frameworks",
				);
				MACOSX_DEPLOYMENT_TARGET = 12.3;
				MARKETING_VERSION = 1.0;
				PRODUCT_BUNDLE_IDENTIFIER = "William-Chen.Rugby-School-Stodge";
				PRODUCT_NAME = "Rugby School Stodge";
				SDKROOT = macosx;
				SWIFT_EMIT_LOC_STRINGS = YES;
				SWIFT_VERSION = 5.0;
			};
			name = Release;
		};
		9E9697492899161600A039D7 /* Debug */ = {
			isa = XCBuildConfiguration;
			buildSettings = {
				ALWAYS_EMBED_SWIFT_STANDARD_LIBRARIES = YES;
				CODE_SIGN_STYLE = Automatic;
				CURRENT_PROJECT_VERSION = 1;
				GENERATE_INFOPLIST_FILE = YES;
				IPHONEOS_DEPLOYMENT_TARGET = 15.5;
				MARKETING_VERSION = 1.0;
				PRODUCT_BUNDLE_IDENTIFIER = "William-Chen.Tests-iOS";
				PRODUCT_NAME = "$(TARGET_NAME)";
				SDKROOT = iphoneos;
				SWIFT_EMIT_LOC_STRINGS = NO;
				SWIFT_VERSION = 5.0;
				TARGETED_DEVICE_FAMILY = "1,2";
				TEST_TARGET_NAME = "Rugby School Stodge (iOS)";
			};
			name = Debug;
		};
		9E96974A2899161600A039D7 /* Release */ = {
			isa = XCBuildConfiguration;
			buildSettings = {
				ALWAYS_EMBED_SWIFT_STANDARD_LIBRARIES = YES;
				CODE_SIGN_STYLE = Automatic;
				CURRENT_PROJECT_VERSION = 1;
				GENERATE_INFOPLIST_FILE = YES;
				IPHONEOS_DEPLOYMENT_TARGET = 15.5;
				MARKETING_VERSION = 1.0;
				PRODUCT_BUNDLE_IDENTIFIER = "William-Chen.Tests-iOS";
				PRODUCT_NAME = "$(TARGET_NAME)";
				SDKROOT = iphoneos;
				SWIFT_EMIT_LOC_STRINGS = NO;
				SWIFT_VERSION = 5.0;
				TARGETED_DEVICE_FAMILY = "1,2";
				TEST_TARGET_NAME = "Rugby School Stodge (iOS)";
				VALIDATE_PRODUCT = YES;
			};
			name = Release;
		};
		9E96974C2899161600A039D7 /* Debug */ = {
			isa = XCBuildConfiguration;
			buildSettings = {
				ALWAYS_EMBED_SWIFT_STANDARD_LIBRARIES = YES;
				CODE_SIGN_STYLE = Automatic;
				CURRENT_PROJECT_VERSION = 1;
				GENERATE_INFOPLIST_FILE = YES;
				MACOSX_DEPLOYMENT_TARGET = 12.3;
				MARKETING_VERSION = 1.0;
				PRODUCT_BUNDLE_IDENTIFIER = "William-Chen.Tests-macOS";
				PRODUCT_NAME = "$(TARGET_NAME)";
				SDKROOT = macosx;
				SWIFT_EMIT_LOC_STRINGS = NO;
				SWIFT_VERSION = 5.0;
				TEST_TARGET_NAME = "Rugby School Stodge (macOS)";
			};
			name = Debug;
		};
		9E96974D2899161600A039D7 /* Release */ = {
			isa = XCBuildConfiguration;
			buildSettings = {
				ALWAYS_EMBED_SWIFT_STANDARD_LIBRARIES = YES;
				CODE_SIGN_STYLE = Automatic;
				CURRENT_PROJECT_VERSION = 1;
				GENERATE_INFOPLIST_FILE = YES;
				MACOSX_DEPLOYMENT_TARGET = 12.3;
				MARKETING_VERSION = 1.0;
				PRODUCT_BUNDLE_IDENTIFIER = "William-Chen.Tests-macOS";
				PRODUCT_NAME = "$(TARGET_NAME)";
				SDKROOT = macosx;
				SWIFT_EMIT_LOC_STRINGS = NO;
				SWIFT_VERSION = 5.0;
				TEST_TARGET_NAME = "Rugby School Stodge (macOS)";
			};
			name = Release;
		};
/* End XCBuildConfiguration section */

/* Begin XCConfigurationList section */
		9E9697092899161200A039D7 /* Build configuration list for PBXProject "Rugby School Stodge" */ = {
			isa = XCConfigurationList;
			buildConfigurations = (
				9E9697402899161600A039D7 /* Debug */,
				9E9697412899161600A039D7 /* Release */,
			);
			defaultConfigurationIsVisible = 0;
			defaultConfigurationName = Release;
		};
		9E9697422899161600A039D7 /* Build configuration list for PBXNativeTarget "Rugby School Stodge (iOS)" */ = {
			isa = XCConfigurationList;
			buildConfigurations = (
				9E9697432899161600A039D7 /* Debug */,
				9E9697442899161600A039D7 /* Release */,
			);
			defaultConfigurationIsVisible = 0;
			defaultConfigurationName = Release;
		};
		9E9697452899161600A039D7 /* Build configuration list for PBXNativeTarget "Rugby School Stodge (macOS)" */ = {
			isa = XCConfigurationList;
			buildConfigurations = (
				9E9697462899161600A039D7 /* Debug */,
				9E9697472899161600A039D7 /* Release */,
			);
			defaultConfigurationIsVisible = 0;
			defaultConfigurationName = Release;
		};
		9E9697482899161600A039D7 /* Build configuration list for PBXNativeTarget "Tests iOS" */ = {
			isa = XCConfigurationList;
			buildConfigurations = (
				9E9697492899161600A039D7 /* Debug */,
				9E96974A2899161600A039D7 /* Release */,
			);
			defaultConfigurationIsVisible = 0;
			defaultConfigurationName = Release;
		};
		9E96974B2899161600A039D7 /* Build configuration list for PBXNativeTarget "Tests macOS" */ = {
			isa = XCConfigurationList;
			buildConfigurations = (
				9E96974C2899161600A039D7 /* Debug */,
				9E96974D2899161600A039D7 /* Release */,
			);
			defaultConfigurationIsVisible = 0;
			defaultConfigurationName = Release;
		};
/* End XCConfigurationList section */

/* Begin XCRemoteSwiftPackageReference section */
		9EC7858528992A400017E82E /* XCRemoteSwiftPackageReference "firebase-ios-sdk" */ = {
			isa = XCRemoteSwiftPackageReference;
			repositoryURL = "https://github.com/firebase/firebase-ios-sdk.git";
			requirement = {
				kind = upToNextMajorVersion;
				minimumVersion = 9.0.0;
			};
		};
/* End XCRemoteSwiftPackageReference section */

/* Begin XCSwiftPackageProductDependency section */
		9EC7858628992A400017E82E /* FirebaseAnalytics */ = {
			isa = XCSwiftPackageProductDependency;
			package = 9EC7858528992A400017E82E /* XCRemoteSwiftPackageReference "firebase-ios-sdk" */;
			productName = FirebaseAnalytics;
		};
		9EC7858828992A400017E82E /* FirebaseAnalyticsOnDeviceConversion */ = {
			isa = XCSwiftPackageProductDependency;
			package = 9EC7858528992A400017E82E /* XCRemoteSwiftPackageReference "firebase-ios-sdk" */;
			productName = FirebaseAnalyticsOnDeviceConversion;
		};
		9EC7858A28992A400017E82E /* FirebaseAnalyticsSwift */ = {
			isa = XCSwiftPackageProductDependency;
			package = 9EC7858528992A400017E82E /* XCRemoteSwiftPackageReference "firebase-ios-sdk" */;
			productName = FirebaseAnalyticsSwift;
		};
		9EC7858C28992A400017E82E /* FirebaseAnalyticsWithoutAdIdSupport */ = {
			isa = XCSwiftPackageProductDependency;
			package = 9EC7858528992A400017E82E /* XCRemoteSwiftPackageReference "firebase-ios-sdk" */;
			productName = FirebaseAnalyticsWithoutAdIdSupport;
		};
		9EC7858E28992A400017E82E /* FirebaseAppCheck */ = {
			isa = XCSwiftPackageProductDependency;
			package = 9EC7858528992A400017E82E /* XCRemoteSwiftPackageReference "firebase-ios-sdk" */;
			productName = FirebaseAppCheck;
		};
		9EC7859028992A400017E82E /* FirebaseAppDistribution-Beta */ = {
			isa = XCSwiftPackageProductDependency;
			package = 9EC7858528992A400017E82E /* XCRemoteSwiftPackageReference "firebase-ios-sdk" */;
			productName = "FirebaseAppDistribution-Beta";
		};
		9EC7859228992A400017E82E /* FirebaseAuth */ = {
			isa = XCSwiftPackageProductDependency;
			package = 9EC7858528992A400017E82E /* XCRemoteSwiftPackageReference "firebase-ios-sdk" */;
			productName = FirebaseAuth;
		};
		9EC7859428992A400017E82E /* FirebaseAuthCombine-Community */ = {
			isa = XCSwiftPackageProductDependency;
			package = 9EC7858528992A400017E82E /* XCRemoteSwiftPackageReference "firebase-ios-sdk" */;
			productName = "FirebaseAuthCombine-Community";
		};
		9EC7859628992A400017E82E /* FirebaseCrashlytics */ = {
			isa = XCSwiftPackageProductDependency;
			package = 9EC7858528992A400017E82E /* XCRemoteSwiftPackageReference "firebase-ios-sdk" */;
			productName = FirebaseCrashlytics;
		};
		9EC7859828992A400017E82E /* FirebaseDatabase */ = {
			isa = XCSwiftPackageProductDependency;
			package = 9EC7858528992A400017E82E /* XCRemoteSwiftPackageReference "firebase-ios-sdk" */;
			productName = FirebaseDatabase;
		};
		9EC7859A28992A400017E82E /* FirebaseDatabaseSwift */ = {
			isa = XCSwiftPackageProductDependency;
			package = 9EC7858528992A400017E82E /* XCRemoteSwiftPackageReference "firebase-ios-sdk" */;
			productName = FirebaseDatabaseSwift;
		};
		9EC7859C28992A400017E82E /* FirebaseDynamicLinks */ = {
			isa = XCSwiftPackageProductDependency;
			package = 9EC7858528992A400017E82E /* XCRemoteSwiftPackageReference "firebase-ios-sdk" */;
			productName = FirebaseDynamicLinks;
		};
		9EC7859E28992A400017E82E /* FirebaseFirestore */ = {
			isa = XCSwiftPackageProductDependency;
			package = 9EC7858528992A400017E82E /* XCRemoteSwiftPackageReference "firebase-ios-sdk" */;
			productName = FirebaseFirestore;
		};
		9EC785A028992A400017E82E /* FirebaseFirestoreCombine-Community */ = {
			isa = XCSwiftPackageProductDependency;
			package = 9EC7858528992A400017E82E /* XCRemoteSwiftPackageReference "firebase-ios-sdk" */;
			productName = "FirebaseFirestoreCombine-Community";
		};
		9EC785A228992A400017E82E /* FirebaseFirestoreSwift */ = {
			isa = XCSwiftPackageProductDependency;
			package = 9EC7858528992A400017E82E /* XCRemoteSwiftPackageReference "firebase-ios-sdk" */;
			productName = FirebaseFirestoreSwift;
		};
		9EC785A428992A400017E82E /* FirebaseFunctions */ = {
			isa = XCSwiftPackageProductDependency;
			package = 9EC7858528992A400017E82E /* XCRemoteSwiftPackageReference "firebase-ios-sdk" */;
			productName = FirebaseFunctions;
		};
		9EC785A628992A400017E82E /* FirebaseFunctionsCombine-Community */ = {
			isa = XCSwiftPackageProductDependency;
			package = 9EC7858528992A400017E82E /* XCRemoteSwiftPackageReference "firebase-ios-sdk" */;
			productName = "FirebaseFunctionsCombine-Community";
		};
		9EC785A828992A400017E82E /* FirebaseInAppMessaging-Beta */ = {
			isa = XCSwiftPackageProductDependency;
			package = 9EC7858528992A400017E82E /* XCRemoteSwiftPackageReference "firebase-ios-sdk" */;
			productName = "FirebaseInAppMessaging-Beta";
		};
		9EC785AA28992A400017E82E /* FirebaseInAppMessagingSwift-Beta */ = {
			isa = XCSwiftPackageProductDependency;
			package = 9EC7858528992A400017E82E /* XCRemoteSwiftPackageReference "firebase-ios-sdk" */;
			productName = "FirebaseInAppMessagingSwift-Beta";
		};
		9EC785AC28992A400017E82E /* FirebaseInstallations */ = {
			isa = XCSwiftPackageProductDependency;
			package = 9EC7858528992A400017E82E /* XCRemoteSwiftPackageReference "firebase-ios-sdk" */;
			productName = FirebaseInstallations;
		};
		9EC785AE28992A400017E82E /* FirebaseMLModelDownloader */ = {
			isa = XCSwiftPackageProductDependency;
			package = 9EC7858528992A400017E82E /* XCRemoteSwiftPackageReference "firebase-ios-sdk" */;
			productName = FirebaseMLModelDownloader;
		};
		9EC785B028992A400017E82E /* FirebaseMessaging */ = {
			isa = XCSwiftPackageProductDependency;
			package = 9EC7858528992A400017E82E /* XCRemoteSwiftPackageReference "firebase-ios-sdk" */;
			productName = FirebaseMessaging;
		};
		9EC785B228992A400017E82E /* FirebasePerformance */ = {
			isa = XCSwiftPackageProductDependency;
			package = 9EC7858528992A400017E82E /* XCRemoteSwiftPackageReference "firebase-ios-sdk" */;
			productName = FirebasePerformance;
		};
		9EC785B428992A400017E82E /* FirebaseRemoteConfig */ = {
			isa = XCSwiftPackageProductDependency;
			package = 9EC7858528992A400017E82E /* XCRemoteSwiftPackageReference "firebase-ios-sdk" */;
			productName = FirebaseRemoteConfig;
		};
		9EC785B628992A400017E82E /* FirebaseRemoteConfigSwift */ = {
			isa = XCSwiftPackageProductDependency;
			package = 9EC7858528992A400017E82E /* XCRemoteSwiftPackageReference "firebase-ios-sdk" */;
			productName = FirebaseRemoteConfigSwift;
		};
		9EC785B828992A400017E82E /* FirebaseStorage */ = {
			isa = XCSwiftPackageProductDependency;
			package = 9EC7858528992A400017E82E /* XCRemoteSwiftPackageReference "firebase-ios-sdk" */;
			productName = FirebaseStorage;
		};
		9EC785BA28992A400017E82E /* FirebaseStorageCombine-Community */ = {
			isa = XCSwiftPackageProductDependency;
			package = 9EC7858528992A400017E82E /* XCRemoteSwiftPackageReference "firebase-ios-sdk" */;
			productName = "FirebaseStorageCombine-Community";
		};
/* End XCSwiftPackageProductDependency section */
	};
	rootObject = 9E9697062899161200A039D7 /* Project object */;
}
