// !$*UTF8*$!
{
	archiveVersion = 1;
	classes = {
	};
	objectVersion = 56;
	objects = {

/* Begin PBXBuildFile section */
		9E1AEBF228C10654008EFFEC /* FirebaseAnalytics in Frameworks */ = {isa = PBXBuildFile; productRef = 9E1AEBF128C10654008EFFEC /* FirebaseAnalytics */; };
		9E1AEBF428C10654008EFFEC /* FirebaseAnalyticsSwift in Frameworks */ = {isa = PBXBuildFile; productRef = 9E1AEBF328C10654008EFFEC /* FirebaseAnalyticsSwift */; };
		9E1AEBF628C10654008EFFEC /* FirebaseAnalyticsWithoutAdIdSupport in Frameworks */ = {isa = PBXBuildFile; productRef = 9E1AEBF528C10654008EFFEC /* FirebaseAnalyticsWithoutAdIdSupport */; };
		9E1AEBF828C10654008EFFEC /* FirebaseAppCheck in Frameworks */ = {isa = PBXBuildFile; productRef = 9E1AEBF728C10654008EFFEC /* FirebaseAppCheck */; };
		9E1AEBFA28C10654008EFFEC /* FirebaseAppDistribution-Beta in Frameworks */ = {isa = PBXBuildFile; productRef = 9E1AEBF928C10654008EFFEC /* FirebaseAppDistribution-Beta */; };
		9E1AEBFC28C10654008EFFEC /* FirebaseAuth in Frameworks */ = {isa = PBXBuildFile; productRef = 9E1AEBFB28C10654008EFFEC /* FirebaseAuth */; };
		9E1AEBFE28C10654008EFFEC /* FirebaseAuthCombine-Community in Frameworks */ = {isa = PBXBuildFile; productRef = 9E1AEBFD28C10654008EFFEC /* FirebaseAuthCombine-Community */; };
		9E1AEC0028C10654008EFFEC /* FirebaseCrashlytics in Frameworks */ = {isa = PBXBuildFile; productRef = 9E1AEBFF28C10654008EFFEC /* FirebaseCrashlytics */; };
		9E1AEC0228C10654008EFFEC /* FirebaseDatabase in Frameworks */ = {isa = PBXBuildFile; productRef = 9E1AEC0128C10654008EFFEC /* FirebaseDatabase */; };
		9E1AEC0428C10654008EFFEC /* FirebaseDatabaseSwift in Frameworks */ = {isa = PBXBuildFile; productRef = 9E1AEC0328C10654008EFFEC /* FirebaseDatabaseSwift */; };
		9E1AEC0628C10654008EFFEC /* FirebaseDynamicLinks in Frameworks */ = {isa = PBXBuildFile; productRef = 9E1AEC0528C10654008EFFEC /* FirebaseDynamicLinks */; };
		9E1AEC0828C10654008EFFEC /* FirebaseFirestore in Frameworks */ = {isa = PBXBuildFile; productRef = 9E1AEC0728C10654008EFFEC /* FirebaseFirestore */; };
		9E1AEC0A28C10654008EFFEC /* FirebaseFirestoreCombine-Community in Frameworks */ = {isa = PBXBuildFile; productRef = 9E1AEC0928C10654008EFFEC /* FirebaseFirestoreCombine-Community */; };
		9E1AEC0C28C10654008EFFEC /* FirebaseFirestoreSwift in Frameworks */ = {isa = PBXBuildFile; productRef = 9E1AEC0B28C10654008EFFEC /* FirebaseFirestoreSwift */; };
		9E1AEC0E28C10654008EFFEC /* FirebaseFunctions in Frameworks */ = {isa = PBXBuildFile; productRef = 9E1AEC0D28C10654008EFFEC /* FirebaseFunctions */; };
		9E1AEC1028C10654008EFFEC /* FirebaseFunctionsCombine-Community in Frameworks */ = {isa = PBXBuildFile; productRef = 9E1AEC0F28C10654008EFFEC /* FirebaseFunctionsCombine-Community */; };
		9E1AEC1228C10654008EFFEC /* FirebaseInAppMessaging-Beta in Frameworks */ = {isa = PBXBuildFile; productRef = 9E1AEC1128C10654008EFFEC /* FirebaseInAppMessaging-Beta */; };
		9E1AEC1428C10654008EFFEC /* FirebaseInAppMessagingSwift-Beta in Frameworks */ = {isa = PBXBuildFile; productRef = 9E1AEC1328C10654008EFFEC /* FirebaseInAppMessagingSwift-Beta */; };
		9E1AEC1628C10654008EFFEC /* FirebaseInstallations in Frameworks */ = {isa = PBXBuildFile; productRef = 9E1AEC1528C10654008EFFEC /* FirebaseInstallations */; };
		9E1AEC1828C10654008EFFEC /* FirebaseMLModelDownloader in Frameworks */ = {isa = PBXBuildFile; productRef = 9E1AEC1728C10654008EFFEC /* FirebaseMLModelDownloader */; };
		9E1AEC1A28C10654008EFFEC /* FirebaseMessaging in Frameworks */ = {isa = PBXBuildFile; productRef = 9E1AEC1928C10654008EFFEC /* FirebaseMessaging */; };
		9E1AEC1C28C10654008EFFEC /* FirebasePerformance in Frameworks */ = {isa = PBXBuildFile; productRef = 9E1AEC1B28C10654008EFFEC /* FirebasePerformance */; };
		9E1AEC1E28C10654008EFFEC /* FirebaseRemoteConfig in Frameworks */ = {isa = PBXBuildFile; productRef = 9E1AEC1D28C10654008EFFEC /* FirebaseRemoteConfig */; };
		9E1AEC2028C10654008EFFEC /* FirebaseRemoteConfigSwift in Frameworks */ = {isa = PBXBuildFile; productRef = 9E1AEC1F28C10654008EFFEC /* FirebaseRemoteConfigSwift */; };
		9E1AEC2228C10654008EFFEC /* FirebaseStorage in Frameworks */ = {isa = PBXBuildFile; productRef = 9E1AEC2128C10654008EFFEC /* FirebaseStorage */; };
		9E1AEC2428C10654008EFFEC /* FirebaseStorageCombine-Community in Frameworks */ = {isa = PBXBuildFile; productRef = 9E1AEC2328C10654008EFFEC /* FirebaseStorageCombine-Community */; };
		9E923B6C28C0F7CF00D85933 /* GoogleService-Info.plist in Resources */ = {isa = PBXBuildFile; fileRef = 9E923B6B28C0F7CF00D85933 /* GoogleService-Info.plist */; };
		9E923B6D28C0F7CF00D85933 /* GoogleService-Info.plist in Resources */ = {isa = PBXBuildFile; fileRef = 9E923B6B28C0F7CF00D85933 /* GoogleService-Info.plist */; };
		9E96973E2899161600A039D7 /* Assets.xcassets in Resources */ = {isa = PBXBuildFile; fileRef = 9E9697102899161500A039D7 /* Assets.xcassets */; };
		9E96973F2899161600A039D7 /* Assets.xcassets in Resources */ = {isa = PBXBuildFile; fileRef = 9E9697102899161500A039D7 /* Assets.xcassets */; };
		9EC785682899216F0017E82E /* AccountPage (INCOMPLETE).swift in Sources */ = {isa = PBXBuildFile; fileRef = 9EC785672899216F0017E82E /* AccountPage (INCOMPLETE).swift */; };
		9EC785692899216F0017E82E /* AccountPage (INCOMPLETE).swift in Sources */ = {isa = PBXBuildFile; fileRef = 9EC785672899216F0017E82E /* AccountPage (INCOMPLETE).swift */; };
		9EC78573289921920017E82E /* OrdersPage (INCOMPLETE) .swift in Sources */ = {isa = PBXBuildFile; fileRef = 9EC7856A289921920017E82E /* OrdersPage (INCOMPLETE) .swift */; };
		9EC78574289921920017E82E /* OrdersPage (INCOMPLETE) .swift in Sources */ = {isa = PBXBuildFile; fileRef = 9EC7856A289921920017E82E /* OrdersPage (INCOMPLETE) .swift */; };
		9EC78575289921920017E82E /* MAIN.swift in Sources */ = {isa = PBXBuildFile; fileRef = 9EC7856B289921920017E82E /* MAIN.swift */; };
		9EC78576289921920017E82E /* MAIN.swift in Sources */ = {isa = PBXBuildFile; fileRef = 9EC7856B289921920017E82E /* MAIN.swift */; };
		9EC78577289921920017E82E /* LandingPage (INCOMPLETE).swift in Sources */ = {isa = PBXBuildFile; fileRef = 9EC7856C289921920017E82E /* LandingPage (INCOMPLETE).swift */; };
		9EC78578289921920017E82E /* LandingPage (INCOMPLETE).swift in Sources */ = {isa = PBXBuildFile; fileRef = 9EC7856C289921920017E82E /* LandingPage (INCOMPLETE).swift */; };
		9EC78579289921920017E82E /* LoadingScreen.swift in Sources */ = {isa = PBXBuildFile; fileRef = 9EC7856D289921920017E82E /* LoadingScreen.swift */; };
		9EC7857A289921920017E82E /* LoadingScreen.swift in Sources */ = {isa = PBXBuildFile; fileRef = 9EC7856D289921920017E82E /* LoadingScreen.swift */; };
		9EC7857B289921920017E82E /* LogInPage.swift in Sources */ = {isa = PBXBuildFile; fileRef = 9EC7856E289921920017E82E /* LogInPage.swift */; };
		9EC7857C289921920017E82E /* LogInPage.swift in Sources */ = {isa = PBXBuildFile; fileRef = 9EC7856E289921920017E82E /* LogInPage.swift */; };
		9EC7857D289921920017E82E /* Basket (INCOMPLETE).swift in Sources */ = {isa = PBXBuildFile; fileRef = 9EC7856F289921920017E82E /* Basket (INCOMPLETE).swift */; };
		9EC7857E289921920017E82E /* Basket (INCOMPLETE).swift in Sources */ = {isa = PBXBuildFile; fileRef = 9EC7856F289921920017E82E /* Basket (INCOMPLETE).swift */; };
		9EC7857F289921920017E82E /* MotherView.swift in Sources */ = {isa = PBXBuildFile; fileRef = 9EC78570289921920017E82E /* MotherView.swift */; };
		9EC78580289921920017E82E /* MotherView.swift in Sources */ = {isa = PBXBuildFile; fileRef = 9EC78570289921920017E82E /* MotherView.swift */; };
		9EC78581289921920017E82E /* Menu (INCOMPLETE).swift in Sources */ = {isa = PBXBuildFile; fileRef = 9EC78571289921920017E82E /* Menu (INCOMPLETE).swift */; };
		9EC78582289921920017E82E /* Menu (INCOMPLETE).swift in Sources */ = {isa = PBXBuildFile; fileRef = 9EC78571289921920017E82E /* Menu (INCOMPLETE).swift */; };
		9EC78583289921920017E82E /* GeneralStructs.swift in Sources */ = {isa = PBXBuildFile; fileRef = 9EC78572289921920017E82E /* GeneralStructs.swift */; };
		9EC78584289921920017E82E /* GeneralStructs.swift in Sources */ = {isa = PBXBuildFile; fileRef = 9EC78572289921920017E82E /* GeneralStructs.swift */; };
		9EC785C4289B201B0017E82E /* Firebase.swift in Sources */ = {isa = PBXBuildFile; fileRef = 9EC785C3289B201B0017E82E /* Firebase.swift */; };
		9EC785C5289B201B0017E82E /* Firebase.swift in Sources */ = {isa = PBXBuildFile; fileRef = 9EC785C3289B201B0017E82E /* Firebase.swift */; };
/* End PBXBuildFile section */

/* Begin PBXFileReference section */
		9E923B6B28C0F7CF00D85933 /* GoogleService-Info.plist */ = {isa = PBXFileReference; fileEncoding = 4; lastKnownFileType = text.plist.xml; path = "GoogleService-Info.plist"; sourceTree = "<group>"; };
		9E9697102899161500A039D7 /* Assets.xcassets */ = {isa = PBXFileReference; lastKnownFileType = folder.assetcatalog; path = Assets.xcassets; sourceTree = "<group>"; };
		9E9697152899161600A039D7 /* Rugby School Stodge STUDENT.app */ = {isa = PBXFileReference; explicitFileType = wrapper.application; includeInIndex = 0; path = "Rugby School Stodge STUDENT.app"; sourceTree = BUILT_PRODUCTS_DIR; };
		9E96971B2899161600A039D7 /* Rugby School Stodge STUDENT.app */ = {isa = PBXFileReference; explicitFileType = wrapper.application; includeInIndex = 0; path = "Rugby School Stodge STUDENT.app"; sourceTree = BUILT_PRODUCTS_DIR; };
		9EC785672899216F0017E82E /* AccountPage (INCOMPLETE).swift */ = {isa = PBXFileReference; fileEncoding = 4; lastKnownFileType = sourcecode.swift; path = "AccountPage (INCOMPLETE).swift"; sourceTree = "<group>"; };
		9EC7856A289921920017E82E /* OrdersPage (INCOMPLETE) .swift */ = {isa = PBXFileReference; fileEncoding = 4; lastKnownFileType = sourcecode.swift; path = "OrdersPage (INCOMPLETE) .swift"; sourceTree = "<group>"; };
		9EC7856B289921920017E82E /* MAIN.swift */ = {isa = PBXFileReference; fileEncoding = 4; lastKnownFileType = sourcecode.swift; path = MAIN.swift; sourceTree = "<group>"; };
		9EC7856C289921920017E82E /* LandingPage (INCOMPLETE).swift */ = {isa = PBXFileReference; fileEncoding = 4; lastKnownFileType = sourcecode.swift; path = "LandingPage (INCOMPLETE).swift"; sourceTree = "<group>"; };
		9EC7856D289921920017E82E /* LoadingScreen.swift */ = {isa = PBXFileReference; fileEncoding = 4; lastKnownFileType = sourcecode.swift; path = LoadingScreen.swift; sourceTree = "<group>"; };
		9EC7856E289921920017E82E /* LogInPage.swift */ = {isa = PBXFileReference; fileEncoding = 4; lastKnownFileType = sourcecode.swift; path = LogInPage.swift; sourceTree = "<group>"; };
		9EC7856F289921920017E82E /* Basket (INCOMPLETE).swift */ = {isa = PBXFileReference; fileEncoding = 4; lastKnownFileType = sourcecode.swift; path = "Basket (INCOMPLETE).swift"; sourceTree = "<group>"; };
		9EC78570289921920017E82E /* MotherView.swift */ = {isa = PBXFileReference; fileEncoding = 4; lastKnownFileType = sourcecode.swift; path = MotherView.swift; sourceTree = "<group>"; };
		9EC78571289921920017E82E /* Menu (INCOMPLETE).swift */ = {isa = PBXFileReference; fileEncoding = 4; lastKnownFileType = sourcecode.swift; path = "Menu (INCOMPLETE).swift"; sourceTree = "<group>"; };
		9EC78572289921920017E82E /* GeneralStructs.swift */ = {isa = PBXFileReference; fileEncoding = 4; lastKnownFileType = sourcecode.swift; path = GeneralStructs.swift; sourceTree = "<group>"; };
		9EC785BC28992B6B0017E82E /* Rugby-School-Stodge--iOS--Info.plist */ = {isa = PBXFileReference; lastKnownFileType = text.plist; path = "Rugby-School-Stodge--iOS--Info.plist"; sourceTree = "<group>"; };
		9EC785C3289B201B0017E82E /* Firebase.swift */ = {isa = PBXFileReference; lastKnownFileType = sourcecode.swift; path = Firebase.swift; sourceTree = "<group>"; };
/* End PBXFileReference section */

/* Begin PBXFrameworksBuildPhase section */
		9E9697122899161600A039D7 /* Frameworks */ = {
			isa = PBXFrameworksBuildPhase;
			buildActionMask = 2147483647;
			files = (
				9E1AEC1C28C10654008EFFEC /* FirebasePerformance in Frameworks */,
				9E1AEC0A28C10654008EFFEC /* FirebaseFirestoreCombine-Community in Frameworks */,
				9E1AEC0428C10654008EFFEC /* FirebaseDatabaseSwift in Frameworks */,
				9E1AEC2228C10654008EFFEC /* FirebaseStorage in Frameworks */,
				9E1AEC0628C10654008EFFEC /* FirebaseDynamicLinks in Frameworks */,
				9E1AEC0C28C10654008EFFEC /* FirebaseFirestoreSwift in Frameworks */,
				9E1AEBF828C10654008EFFEC /* FirebaseAppCheck in Frameworks */,
				9E1AEC1228C10654008EFFEC /* FirebaseInAppMessaging-Beta in Frameworks */,
				9E1AEBFC28C10654008EFFEC /* FirebaseAuth in Frameworks */,
				9E1AEC1828C10654008EFFEC /* FirebaseMLModelDownloader in Frameworks */,
				9E1AEC2028C10654008EFFEC /* FirebaseRemoteConfigSwift in Frameworks */,
				9E1AEBF428C10654008EFFEC /* FirebaseAnalyticsSwift in Frameworks */,
				9E1AEC1A28C10654008EFFEC /* FirebaseMessaging in Frameworks */,
				9E1AEC1628C10654008EFFEC /* FirebaseInstallations in Frameworks */,
				9E1AEC1028C10654008EFFEC /* FirebaseFunctionsCombine-Community in Frameworks */,
				9E1AEC0828C10654008EFFEC /* FirebaseFirestore in Frameworks */,
				9E1AEC2428C10654008EFFEC /* FirebaseStorageCombine-Community in Frameworks */,
				9E1AEBFA28C10654008EFFEC /* FirebaseAppDistribution-Beta in Frameworks */,
				9E1AEBF628C10654008EFFEC /* FirebaseAnalyticsWithoutAdIdSupport in Frameworks */,
				9E1AEC0028C10654008EFFEC /* FirebaseCrashlytics in Frameworks */,
				9E1AEC0228C10654008EFFEC /* FirebaseDatabase in Frameworks */,
				9E1AEC1E28C10654008EFFEC /* FirebaseRemoteConfig in Frameworks */,
				9E1AEC0E28C10654008EFFEC /* FirebaseFunctions in Frameworks */,
				9E1AEBFE28C10654008EFFEC /* FirebaseAuthCombine-Community in Frameworks */,
				9E1AEC1428C10654008EFFEC /* FirebaseInAppMessagingSwift-Beta in Frameworks */,
				9E1AEBF228C10654008EFFEC /* FirebaseAnalytics in Frameworks */,
			);
			runOnlyForDeploymentPostprocessing = 0;
		};
		9E9697182899161600A039D7 /* Frameworks */ = {
			isa = PBXFrameworksBuildPhase;
			buildActionMask = 2147483647;
			files = (
			);
			runOnlyForDeploymentPostprocessing = 0;
		};
/* End PBXFrameworksBuildPhase section */

/* Begin PBXGroup section */
		9E9697052899161200A039D7 = {
			isa = PBXGroup;
			children = (
				9EC785BC28992B6B0017E82E /* Rugby-School-Stodge--iOS--Info.plist */,
				9EC7856E289921920017E82E /* LogInPage.swift */,
				9EC7856C289921920017E82E /* LandingPage (INCOMPLETE).swift */,
				9EC78571289921920017E82E /* Menu (INCOMPLETE).swift */,
				9EC7856F289921920017E82E /* Basket (INCOMPLETE).swift */,
				9EC7856A289921920017E82E /* OrdersPage (INCOMPLETE) .swift */,
				9EC785672899216F0017E82E /* AccountPage (INCOMPLETE).swift */,
				9EC7856D289921920017E82E /* LoadingScreen.swift */,
				9EC78572289921920017E82E /* GeneralStructs.swift */,
				9EC78570289921920017E82E /* MotherView.swift */,
				9EC7856B289921920017E82E /* MAIN.swift */,
				9EC785C3289B201B0017E82E /* Firebase.swift */,
				9E923B6B28C0F7CF00D85933 /* GoogleService-Info.plist */,
				9E9697102899161500A039D7 /* Assets.xcassets */,
				9E9697162899161600A039D7 /* Products */,
			);
			sourceTree = "<group>";
		};
		9E9697162899161600A039D7 /* Products */ = {
			isa = PBXGroup;
			children = (
				9E9697152899161600A039D7 /* Rugby School Stodge STUDENT.app */,
				9E96971B2899161600A039D7 /* Rugby School Stodge STUDENT.app */,
			);
			name = Products;
			sourceTree = "<group>";
		};
/* End PBXGroup section */

/* Begin PBXNativeTarget section */
		9E9697142899161600A039D7 /* Rugby School Stodge STUDENT (iOS) */ = {
			isa = PBXNativeTarget;
			buildConfigurationList = 9E9697422899161600A039D7 /* Build configuration list for PBXNativeTarget "Rugby School Stodge STUDENT (iOS)" */;
			buildPhases = (
				9E9697112899161600A039D7 /* Sources */,
				9E9697122899161600A039D7 /* Frameworks */,
				9E9697132899161600A039D7 /* Resources */,
			);
			buildRules = (
			);
			dependencies = (
			);
			name = "Rugby School Stodge STUDENT (iOS)";
			packageProductDependencies = (
				9E1AEBF128C10654008EFFEC /* FirebaseAnalytics */,
				9E1AEBF328C10654008EFFEC /* FirebaseAnalyticsSwift */,
				9E1AEBF528C10654008EFFEC /* FirebaseAnalyticsWithoutAdIdSupport */,
				9E1AEBF728C10654008EFFEC /* FirebaseAppCheck */,
				9E1AEBF928C10654008EFFEC /* FirebaseAppDistribution-Beta */,
				9E1AEBFB28C10654008EFFEC /* FirebaseAuth */,
				9E1AEBFD28C10654008EFFEC /* FirebaseAuthCombine-Community */,
				9E1AEBFF28C10654008EFFEC /* FirebaseCrashlytics */,
				9E1AEC0128C10654008EFFEC /* FirebaseDatabase */,
				9E1AEC0328C10654008EFFEC /* FirebaseDatabaseSwift */,
				9E1AEC0528C10654008EFFEC /* FirebaseDynamicLinks */,
				9E1AEC0728C10654008EFFEC /* FirebaseFirestore */,
				9E1AEC0928C10654008EFFEC /* FirebaseFirestoreCombine-Community */,
				9E1AEC0B28C10654008EFFEC /* FirebaseFirestoreSwift */,
				9E1AEC0D28C10654008EFFEC /* FirebaseFunctions */,
				9E1AEC0F28C10654008EFFEC /* FirebaseFunctionsCombine-Community */,
				9E1AEC1128C10654008EFFEC /* FirebaseInAppMessaging-Beta */,
				9E1AEC1328C10654008EFFEC /* FirebaseInAppMessagingSwift-Beta */,
				9E1AEC1528C10654008EFFEC /* FirebaseInstallations */,
				9E1AEC1728C10654008EFFEC /* FirebaseMLModelDownloader */,
				9E1AEC1928C10654008EFFEC /* FirebaseMessaging */,
				9E1AEC1B28C10654008EFFEC /* FirebasePerformance */,
				9E1AEC1D28C10654008EFFEC /* FirebaseRemoteConfig */,
				9E1AEC1F28C10654008EFFEC /* FirebaseRemoteConfigSwift */,
				9E1AEC2128C10654008EFFEC /* FirebaseStorage */,
				9E1AEC2328C10654008EFFEC /* FirebaseStorageCombine-Community */,
			);
			productName = "Rugby School Stodge (iOS)";
			productReference = 9E9697152899161600A039D7 /* Rugby School Stodge STUDENT.app */;
			productType = "com.apple.product-type.application";
		};
		9E96971A2899161600A039D7 /* Rugby School Stodge STUDENT (macOS) */ = {
			isa = PBXNativeTarget;
			buildConfigurationList = 9E9697452899161600A039D7 /* Build configuration list for PBXNativeTarget "Rugby School Stodge STUDENT (macOS)" */;
			buildPhases = (
				9E9697172899161600A039D7 /* Sources */,
				9E9697182899161600A039D7 /* Frameworks */,
				9E9697192899161600A039D7 /* Resources */,
			);
			buildRules = (
			);
			dependencies = (
			);
			name = "Rugby School Stodge STUDENT (macOS)";
			productName = "Rugby School Stodge (macOS)";
			productReference = 9E96971B2899161600A039D7 /* Rugby School Stodge STUDENT.app */;
			productType = "com.apple.product-type.application";
		};
/* End PBXNativeTarget section */

/* Begin PBXProject section */
		9E9697062899161200A039D7 /* Project object */ = {
			isa = PBXProject;
			attributes = {
				BuildIndependentTargetsInParallel = 1;
				LastSwiftUpdateCheck = 1340;
				LastUpgradeCheck = 1400;
				TargetAttributes = {
					9E9697142899161600A039D7 = {
						CreatedOnToolsVersion = 13.4.1;
					};
					9E96971A2899161600A039D7 = {
						CreatedOnToolsVersion = 13.4.1;
					};
				};
			};
			buildConfigurationList = 9E9697092899161200A039D7 /* Build configuration list for PBXProject "Rugby School Stodge STUDENT" */;
			compatibilityVersion = "Xcode 14.0";
			developmentRegion = en;
			hasScannedForEncodings = 0;
			knownRegions = (
				en,
				Base,
			);
			mainGroup = 9E9697052899161200A039D7;
			packageReferences = (
				9E1AEBF028C10654008EFFEC /* XCRemoteSwiftPackageReference "firebase-ios-sdk" */,
			);
			productRefGroup = 9E9697162899161600A039D7 /* Products */;
			projectDirPath = "";
			projectRoot = "";
			targets = (
				9E9697142899161600A039D7 /* Rugby School Stodge STUDENT (iOS) */,
				9E96971A2899161600A039D7 /* Rugby School Stodge STUDENT (macOS) */,
			);
		};
/* End PBXProject section */

/* Begin PBXResourcesBuildPhase section */
		9E9697132899161600A039D7 /* Resources */ = {
			isa = PBXResourcesBuildPhase;
			buildActionMask = 2147483647;
			files = (
				9E96973E2899161600A039D7 /* Assets.xcassets in Resources */,
				9E923B6C28C0F7CF00D85933 /* GoogleService-Info.plist in Resources */,
			);
			runOnlyForDeploymentPostprocessing = 0;
		};
		9E9697192899161600A039D7 /* Resources */ = {
			isa = PBXResourcesBuildPhase;
			buildActionMask = 2147483647;
			files = (
				9E96973F2899161600A039D7 /* Assets.xcassets in Resources */,
				9E923B6D28C0F7CF00D85933 /* GoogleService-Info.plist in Resources */,
			);
			runOnlyForDeploymentPostprocessing = 0;
		};
/* End PBXResourcesBuildPhase section */

/* Begin PBXSourcesBuildPhase section */
		9E9697112899161600A039D7 /* Sources */ = {
			isa = PBXSourcesBuildPhase;
			buildActionMask = 2147483647;
			files = (
				9EC7857B289921920017E82E /* LogInPage.swift in Sources */,
				9EC7857F289921920017E82E /* MotherView.swift in Sources */,
				9EC78583289921920017E82E /* GeneralStructs.swift in Sources */,
				9EC7857D289921920017E82E /* Basket (INCOMPLETE).swift in Sources */,
				9EC785682899216F0017E82E /* AccountPage (INCOMPLETE).swift in Sources */,
				9EC78581289921920017E82E /* Menu (INCOMPLETE).swift in Sources */,
				9EC78577289921920017E82E /* LandingPage (INCOMPLETE).swift in Sources */,
				9EC785C4289B201B0017E82E /* Firebase.swift in Sources */,
				9EC78573289921920017E82E /* OrdersPage (INCOMPLETE) .swift in Sources */,
				9EC78575289921920017E82E /* MAIN.swift in Sources */,
				9EC78579289921920017E82E /* LoadingScreen.swift in Sources */,
			);
			runOnlyForDeploymentPostprocessing = 0;
		};
		9E9697172899161600A039D7 /* Sources */ = {
			isa = PBXSourcesBuildPhase;
			buildActionMask = 2147483647;
			files = (
				9EC7857C289921920017E82E /* LogInPage.swift in Sources */,
				9EC78580289921920017E82E /* MotherView.swift in Sources */,
				9EC78584289921920017E82E /* GeneralStructs.swift in Sources */,
				9EC7857E289921920017E82E /* Basket (INCOMPLETE).swift in Sources */,
				9EC785692899216F0017E82E /* AccountPage (INCOMPLETE).swift in Sources */,
				9EC78582289921920017E82E /* Menu (INCOMPLETE).swift in Sources */,
				9EC78578289921920017E82E /* LandingPage (INCOMPLETE).swift in Sources */,
				9EC785C5289B201B0017E82E /* Firebase.swift in Sources */,
				9EC78574289921920017E82E /* OrdersPage (INCOMPLETE) .swift in Sources */,
				9EC78576289921920017E82E /* MAIN.swift in Sources */,
				9EC7857A289921920017E82E /* LoadingScreen.swift in Sources */,
			);
			runOnlyForDeploymentPostprocessing = 0;
		};
/* End PBXSourcesBuildPhase section */

/* Begin XCBuildConfiguration section */
		9E9697402899161600A039D7 /* Debug */ = {
			isa = XCBuildConfiguration;
			buildSettings = {
				ALWAYS_SEARCH_USER_PATHS = NO;
				CLANG_ANALYZER_NONNULL = YES;
				CLANG_ANALYZER_NUMBER_OBJECT_CONVERSION = YES_AGGRESSIVE;
				CLANG_CXX_LANGUAGE_STANDARD = "gnu++17";
				CLANG_ENABLE_MODULES = YES;
				CLANG_ENABLE_OBJC_ARC = YES;
				CLANG_ENABLE_OBJC_WEAK = YES;
				CLANG_WARN_BLOCK_CAPTURE_AUTORELEASING = YES;
				CLANG_WARN_BOOL_CONVERSION = YES;
				CLANG_WARN_COMMA = YES;
				CLANG_WARN_CONSTANT_CONVERSION = YES;
				CLANG_WARN_DEPRECATED_OBJC_IMPLEMENTATIONS = YES;
				CLANG_WARN_DIRECT_OBJC_ISA_USAGE = YES_ERROR;
				CLANG_WARN_DOCUMENTATION_COMMENTS = YES;
				CLANG_WARN_EMPTY_BODY = YES;
				CLANG_WARN_ENUM_CONVERSION = YES;
				CLANG_WARN_INFINITE_RECURSION = YES;
				CLANG_WARN_INT_CONVERSION = YES;
				CLANG_WARN_NON_LITERAL_NULL_CONVERSION = YES;
				CLANG_WARN_OBJC_IMPLICIT_RETAIN_SELF = YES;
				CLANG_WARN_OBJC_LITERAL_CONVERSION = YES;
				CLANG_WARN_OBJC_ROOT_CLASS = YES_ERROR;
				CLANG_WARN_QUOTED_INCLUDE_IN_FRAMEWORK_HEADER = YES;
				CLANG_WARN_RANGE_LOOP_ANALYSIS = YES;
				CLANG_WARN_STRICT_PROTOTYPES = YES;
				CLANG_WARN_SUSPICIOUS_MOVE = YES;
				CLANG_WARN_UNGUARDED_AVAILABILITY = YES_AGGRESSIVE;
				CLANG_WARN_UNREACHABLE_CODE = YES;
				CLANG_WARN__DUPLICATE_METHOD_MATCH = YES;
				COPY_PHASE_STRIP = NO;
				DEAD_CODE_STRIPPING = YES;
				DEBUG_INFORMATION_FORMAT = dwarf;
				ENABLE_STRICT_OBJC_MSGSEND = YES;
				ENABLE_TESTABILITY = YES;
				GCC_C_LANGUAGE_STANDARD = gnu11;
				GCC_DYNAMIC_NO_PIC = NO;
				GCC_NO_COMMON_BLOCKS = YES;
				GCC_OPTIMIZATION_LEVEL = 0;
				GCC_PREPROCESSOR_DEFINITIONS = (
					"DEBUG=1",
					"$(inherited)",
				);
				GCC_WARN_64_TO_32_BIT_CONVERSION = YES;
				GCC_WARN_ABOUT_RETURN_TYPE = YES_ERROR;
				GCC_WARN_UNDECLARED_SELECTOR = YES;
				GCC_WARN_UNINITIALIZED_AUTOS = YES_AGGRESSIVE;
				GCC_WARN_UNUSED_FUNCTION = YES;
				GCC_WARN_UNUSED_VARIABLE = YES;
				MTL_ENABLE_DEBUG_INFO = INCLUDE_SOURCE;
				MTL_FAST_MATH = YES;
				ONLY_ACTIVE_ARCH = YES;
				SWIFT_ACTIVE_COMPILATION_CONDITIONS = DEBUG;
				SWIFT_OPTIMIZATION_LEVEL = "-Onone";
			};
			name = Debug;
		};
		9E9697412899161600A039D7 /* Release */ = {
			isa = XCBuildConfiguration;
			buildSettings = {
				ALWAYS_SEARCH_USER_PATHS = NO;
				CLANG_ANALYZER_NONNULL = YES;
				CLANG_ANALYZER_NUMBER_OBJECT_CONVERSION = YES_AGGRESSIVE;
				CLANG_CXX_LANGUAGE_STANDARD = "gnu++17";
				CLANG_ENABLE_MODULES = YES;
				CLANG_ENABLE_OBJC_ARC = YES;
				CLANG_ENABLE_OBJC_WEAK = YES;
				CLANG_WARN_BLOCK_CAPTURE_AUTORELEASING = YES;
				CLANG_WARN_BOOL_CONVERSION = YES;
				CLANG_WARN_COMMA = YES;
				CLANG_WARN_CONSTANT_CONVERSION = YES;
				CLANG_WARN_DEPRECATED_OBJC_IMPLEMENTATIONS = YES;
				CLANG_WARN_DIRECT_OBJC_ISA_USAGE = YES_ERROR;
				CLANG_WARN_DOCUMENTATION_COMMENTS = YES;
				CLANG_WARN_EMPTY_BODY = YES;
				CLANG_WARN_ENUM_CONVERSION = YES;
				CLANG_WARN_INFINITE_RECURSION = YES;
				CLANG_WARN_INT_CONVERSION = YES;
				CLANG_WARN_NON_LITERAL_NULL_CONVERSION = YES;
				CLANG_WARN_OBJC_IMPLICIT_RETAIN_SELF = YES;
				CLANG_WARN_OBJC_LITERAL_CONVERSION = YES;
				CLANG_WARN_OBJC_ROOT_CLASS = YES_ERROR;
				CLANG_WARN_QUOTED_INCLUDE_IN_FRAMEWORK_HEADER = YES;
				CLANG_WARN_RANGE_LOOP_ANALYSIS = YES;
				CLANG_WARN_STRICT_PROTOTYPES = YES;
				CLANG_WARN_SUSPICIOUS_MOVE = YES;
				CLANG_WARN_UNGUARDED_AVAILABILITY = YES_AGGRESSIVE;
				CLANG_WARN_UNREACHABLE_CODE = YES;
				CLANG_WARN__DUPLICATE_METHOD_MATCH = YES;
				COPY_PHASE_STRIP = NO;
				DEAD_CODE_STRIPPING = YES;
				DEBUG_INFORMATION_FORMAT = "dwarf-with-dsym";
				ENABLE_NS_ASSERTIONS = NO;
				ENABLE_STRICT_OBJC_MSGSEND = YES;
				GCC_C_LANGUAGE_STANDARD = gnu11;
				GCC_NO_COMMON_BLOCKS = YES;
				GCC_WARN_64_TO_32_BIT_CONVERSION = YES;
				GCC_WARN_ABOUT_RETURN_TYPE = YES_ERROR;
				GCC_WARN_UNDECLARED_SELECTOR = YES;
				GCC_WARN_UNINITIALIZED_AUTOS = YES_AGGRESSIVE;
				GCC_WARN_UNUSED_FUNCTION = YES;
				GCC_WARN_UNUSED_VARIABLE = YES;
				MTL_ENABLE_DEBUG_INFO = NO;
				MTL_FAST_MATH = YES;
				SWIFT_COMPILATION_MODE = wholemodule;
				SWIFT_OPTIMIZATION_LEVEL = "-O";
			};
			name = Release;
		};
		9E9697432899161600A039D7 /* Debug */ = {
			isa = XCBuildConfiguration;
			buildSettings = {
				ASSETCATALOG_COMPILER_APPICON_NAME = AppIcon;
				ASSETCATALOG_COMPILER_GLOBAL_ACCENT_COLOR_NAME = AccentColor;
				CODE_SIGN_STYLE = Automatic;
				CURRENT_PROJECT_VERSION = 1;
				DEVELOPMENT_TEAM = VKB3TWBHZ6;
				ENABLE_PREVIEWS = YES;
				GENERATE_INFOPLIST_FILE = YES;
				INFOPLIST_FILE = "Rugby-School-Stodge--iOS--Info.plist";
				INFOPLIST_KEY_UIApplicationSceneManifest_Generation = YES;
				INFOPLIST_KEY_UIApplicationSupportsIndirectInputEvents = YES;
				INFOPLIST_KEY_UILaunchScreen_Generation = YES;
				INFOPLIST_KEY_UISupportedInterfaceOrientations_iPad = "UIInterfaceOrientationPortrait UIInterfaceOrientationPortraitUpsideDown UIInterfaceOrientationLandscapeLeft UIInterfaceOrientationLandscapeRight";
				INFOPLIST_KEY_UISupportedInterfaceOrientations_iPhone = "UIInterfaceOrientationPortrait UIInterfaceOrientationLandscapeLeft UIInterfaceOrientationLandscapeRight";
				IPHONEOS_DEPLOYMENT_TARGET = 16.0;
				LD_RUNPATH_SEARCH_PATHS = (
					"$(inherited)",
					"@executable_path/Frameworks",
				);
				MARKETING_VERSION = 1.0;
				PRODUCT_BUNDLE_IDENTIFIER = "William-Chen.Rugby-School-Stodge";
				PRODUCT_NAME = "Rugby School Stodge STUDENT";
				SDKROOT = iphoneos;
				SWIFT_EMIT_LOC_STRINGS = YES;
				SWIFT_VERSION = 5.0;
				TARGETED_DEVICE_FAMILY = "1,2";
			};
			name = Debug;
		};
		9E9697442899161600A039D7 /* Release */ = {
			isa = XCBuildConfiguration;
			buildSettings = {
				ASSETCATALOG_COMPILER_APPICON_NAME = AppIcon;
				ASSETCATALOG_COMPILER_GLOBAL_ACCENT_COLOR_NAME = AccentColor;
				CODE_SIGN_STYLE = Automatic;
				CURRENT_PROJECT_VERSION = 1;
				DEVELOPMENT_TEAM = VKB3TWBHZ6;
				ENABLE_PREVIEWS = YES;
				GENERATE_INFOPLIST_FILE = YES;
				INFOPLIST_FILE = "Rugby-School-Stodge--iOS--Info.plist";
				INFOPLIST_KEY_UIApplicationSceneManifest_Generation = YES;
				INFOPLIST_KEY_UIApplicationSupportsIndirectInputEvents = YES;
				INFOPLIST_KEY_UILaunchScreen_Generation = YES;
				INFOPLIST_KEY_UISupportedInterfaceOrientations_iPad = "UIInterfaceOrientationPortrait UIInterfaceOrientationPortraitUpsideDown UIInterfaceOrientationLandscapeLeft UIInterfaceOrientationLandscapeRight";
				INFOPLIST_KEY_UISupportedInterfaceOrientations_iPhone = "UIInterfaceOrientationPortrait UIInterfaceOrientationLandscapeLeft UIInterfaceOrientationLandscapeRight";
				IPHONEOS_DEPLOYMENT_TARGET = 16.0;
				LD_RUNPATH_SEARCH_PATHS = (
					"$(inherited)",
					"@executable_path/Frameworks",
				);
				MARKETING_VERSION = 1.0;
				PRODUCT_BUNDLE_IDENTIFIER = "William-Chen.Rugby-School-Stodge";
				PRODUCT_NAME = "Rugby School Stodge STUDENT";
				SDKROOT = iphoneos;
				SWIFT_EMIT_LOC_STRINGS = YES;
				SWIFT_VERSION = 5.0;
				TARGETED_DEVICE_FAMILY = "1,2";
				VALIDATE_PRODUCT = YES;
			};
			name = Release;
		};
		9E9697462899161600A039D7 /* Debug */ = {
			isa = XCBuildConfiguration;
			buildSettings = {
				ASSETCATALOG_COMPILER_APPICON_NAME = AppIcon;
				ASSETCATALOG_COMPILER_GLOBAL_ACCENT_COLOR_NAME = AccentColor;
				CODE_SIGN_ENTITLEMENTS = macOS/macOS.entitlements;
				CODE_SIGN_IDENTITY = "-";
				CODE_SIGN_STYLE = Automatic;
				COMBINE_HIDPI_IMAGES = YES;
				CURRENT_PROJECT_VERSION = 1;
				DEAD_CODE_STRIPPING = YES;
				ENABLE_PREVIEWS = YES;
				GENERATE_INFOPLIST_FILE = YES;
				INFOPLIST_KEY_NSHumanReadableCopyright = "";
				LD_RUNPATH_SEARCH_PATHS = (
					"$(inherited)",
					"@executable_path/../Frameworks",
				);
				MACOSX_DEPLOYMENT_TARGET = 12.3;
				MARKETING_VERSION = 1.0;
				PRODUCT_BUNDLE_IDENTIFIER = "William-Chen.Rugby-School-Stodge";
				PRODUCT_NAME = "Rugby School Stodge STUDENT";
				SDKROOT = macosx;
				SWIFT_EMIT_LOC_STRINGS = YES;
				SWIFT_VERSION = 5.0;
			};
			name = Debug;
		};
		9E9697472899161600A039D7 /* Release */ = {
			isa = XCBuildConfiguration;
			buildSettings = {
				ASSETCATALOG_COMPILER_APPICON_NAME = AppIcon;
				ASSETCATALOG_COMPILER_GLOBAL_ACCENT_COLOR_NAME = AccentColor;
				CODE_SIGN_ENTITLEMENTS = macOS/macOS.entitlements;
				CODE_SIGN_IDENTITY = "-";
				CODE_SIGN_STYLE = Automatic;
				COMBINE_HIDPI_IMAGES = YES;
				CURRENT_PROJECT_VERSION = 1;
				DEAD_CODE_STRIPPING = YES;
				ENABLE_PREVIEWS = YES;
				GENERATE_INFOPLIST_FILE = YES;
				INFOPLIST_KEY_NSHumanReadableCopyright = "";
				LD_RUNPATH_SEARCH_PATHS = (
					"$(inherited)",
					"@executable_path/../Frameworks",
				);
				MACOSX_DEPLOYMENT_TARGET = 12.3;
				MARKETING_VERSION = 1.0;
				PRODUCT_BUNDLE_IDENTIFIER = "William-Chen.Rugby-School-Stodge";
				PRODUCT_NAME = "Rugby School Stodge STUDENT";
				SDKROOT = macosx;
				SWIFT_EMIT_LOC_STRINGS = YES;
				SWIFT_VERSION = 5.0;
			};
			name = Release;
		};
/* End XCBuildConfiguration section */

/* Begin XCConfigurationList section */
		9E9697092899161200A039D7 /* Build configuration list for PBXProject "Rugby School Stodge STUDENT" */ = {
			isa = XCConfigurationList;
			buildConfigurations = (
				9E9697402899161600A039D7 /* Debug */,
				9E9697412899161600A039D7 /* Release */,
			);
			defaultConfigurationIsVisible = 0;
			defaultConfigurationName = Release;
		};
		9E9697422899161600A039D7 /* Build configuration list for PBXNativeTarget "Rugby School Stodge STUDENT (iOS)" */ = {
			isa = XCConfigurationList;
			buildConfigurations = (
				9E9697432899161600A039D7 /* Debug */,
				9E9697442899161600A039D7 /* Release */,
			);
			defaultConfigurationIsVisible = 0;
			defaultConfigurationName = Release;
		};
		9E9697452899161600A039D7 /* Build configuration list for PBXNativeTarget "Rugby School Stodge STUDENT (macOS)" */ = {
			isa = XCConfigurationList;
			buildConfigurations = (
				9E9697462899161600A039D7 /* Debug */,
				9E9697472899161600A039D7 /* Release */,
			);
			defaultConfigurationIsVisible = 0;
			defaultConfigurationName = Release;
		};
/* End XCConfigurationList section */

/* Begin XCRemoteSwiftPackageReference section */
		9E1AEBF028C10654008EFFEC /* XCRemoteSwiftPackageReference "firebase-ios-sdk" */ = {
			isa = XCRemoteSwiftPackageReference;
			repositoryURL = "https://github.com/firebase/firebase-ios-sdk.git";
			requirement = {
				kind = upToNextMinorVersion;
				minimumVersion = 9.5.0;
			};
		};
/* End XCRemoteSwiftPackageReference section */

/* Begin XCSwiftPackageProductDependency section */
		9E1AEBF128C10654008EFFEC /* FirebaseAnalytics */ = {
			isa = XCSwiftPackageProductDependency;
			package = 9E1AEBF028C10654008EFFEC /* XCRemoteSwiftPackageReference "firebase-ios-sdk" */;
			productName = FirebaseAnalytics;
		};
		9E1AEBF328C10654008EFFEC /* FirebaseAnalyticsSwift */ = {
			isa = XCSwiftPackageProductDependency;
			package = 9E1AEBF028C10654008EFFEC /* XCRemoteSwiftPackageReference "firebase-ios-sdk" */;
			productName = FirebaseAnalyticsSwift;
		};
		9E1AEBF528C10654008EFFEC /* FirebaseAnalyticsWithoutAdIdSupport */ = {
			isa = XCSwiftPackageProductDependency;
			package = 9E1AEBF028C10654008EFFEC /* XCRemoteSwiftPackageReference "firebase-ios-sdk" */;
			productName = FirebaseAnalyticsWithoutAdIdSupport;
		};
		9E1AEBF728C10654008EFFEC /* FirebaseAppCheck */ = {
			isa = XCSwiftPackageProductDependency;
			package = 9E1AEBF028C10654008EFFEC /* XCRemoteSwiftPackageReference "firebase-ios-sdk" */;
			productName = FirebaseAppCheck;
		};
		9E1AEBF928C10654008EFFEC /* FirebaseAppDistribution-Beta */ = {
			isa = XCSwiftPackageProductDependency;
			package = 9E1AEBF028C10654008EFFEC /* XCRemoteSwiftPackageReference "firebase-ios-sdk" */;
			productName = "FirebaseAppDistribution-Beta";
		};
		9E1AEBFB28C10654008EFFEC /* FirebaseAuth */ = {
			isa = XCSwiftPackageProductDependency;
			package = 9E1AEBF028C10654008EFFEC /* XCRemoteSwiftPackageReference "firebase-ios-sdk" */;
			productName = FirebaseAuth;
		};
		9E1AEBFD28C10654008EFFEC /* FirebaseAuthCombine-Community */ = {
			isa = XCSwiftPackageProductDependency;
			package = 9E1AEBF028C10654008EFFEC /* XCRemoteSwiftPackageReference "firebase-ios-sdk" */;
			productName = "FirebaseAuthCombine-Community";
		};
		9E1AEBFF28C10654008EFFEC /* FirebaseCrashlytics */ = {
			isa = XCSwiftPackageProductDependency;
			package = 9E1AEBF028C10654008EFFEC /* XCRemoteSwiftPackageReference "firebase-ios-sdk" */;
			productName = FirebaseCrashlytics;
		};
		9E1AEC0128C10654008EFFEC /* FirebaseDatabase */ = {
			isa = XCSwiftPackageProductDependency;
			package = 9E1AEBF028C10654008EFFEC /* XCRemoteSwiftPackageReference "firebase-ios-sdk" */;
			productName = FirebaseDatabase;
		};
		9E1AEC0328C10654008EFFEC /* FirebaseDatabaseSwift */ = {
			isa = XCSwiftPackageProductDependency;
			package = 9E1AEBF028C10654008EFFEC /* XCRemoteSwiftPackageReference "firebase-ios-sdk" */;
			productName = FirebaseDatabaseSwift;
		};
		9E1AEC0528C10654008EFFEC /* FirebaseDynamicLinks */ = {
			isa = XCSwiftPackageProductDependency;
			package = 9E1AEBF028C10654008EFFEC /* XCRemoteSwiftPackageReference "firebase-ios-sdk" */;
			productName = FirebaseDynamicLinks;
		};
		9E1AEC0728C10654008EFFEC /* FirebaseFirestore */ = {
			isa = XCSwiftPackageProductDependency;
			package = 9E1AEBF028C10654008EFFEC /* XCRemoteSwiftPackageReference "firebase-ios-sdk" */;
			productName = FirebaseFirestore;
		};
		9E1AEC0928C10654008EFFEC /* FirebaseFirestoreCombine-Community */ = {
			isa = XCSwiftPackageProductDependency;
			package = 9E1AEBF028C10654008EFFEC /* XCRemoteSwiftPackageReference "firebase-ios-sdk" */;
			productName = "FirebaseFirestoreCombine-Community";
		};
		9E1AEC0B28C10654008EFFEC /* FirebaseFirestoreSwift */ = {
			isa = XCSwiftPackageProductDependency;
			package = 9E1AEBF028C10654008EFFEC /* XCRemoteSwiftPackageReference "firebase-ios-sdk" */;
			productName = FirebaseFirestoreSwift;
		};
		9E1AEC0D28C10654008EFFEC /* FirebaseFunctions */ = {
			isa = XCSwiftPackageProductDependency;
			package = 9E1AEBF028C10654008EFFEC /* XCRemoteSwiftPackageReference "firebase-ios-sdk" */;
			productName = FirebaseFunctions;
		};
		9E1AEC0F28C10654008EFFEC /* FirebaseFunctionsCombine-Community */ = {
			isa = XCSwiftPackageProductDependency;
			package = 9E1AEBF028C10654008EFFEC /* XCRemoteSwiftPackageReference "firebase-ios-sdk" */;
			productName = "FirebaseFunctionsCombine-Community";
		};
		9E1AEC1128C10654008EFFEC /* FirebaseInAppMessaging-Beta */ = {
			isa = XCSwiftPackageProductDependency;
			package = 9E1AEBF028C10654008EFFEC /* XCRemoteSwiftPackageReference "firebase-ios-sdk" */;
			productName = "FirebaseInAppMessaging-Beta";
		};
		9E1AEC1328C10654008EFFEC /* FirebaseInAppMessagingSwift-Beta */ = {
			isa = XCSwiftPackageProductDependency;
			package = 9E1AEBF028C10654008EFFEC /* XCRemoteSwiftPackageReference "firebase-ios-sdk" */;
			productName = "FirebaseInAppMessagingSwift-Beta";
		};
		9E1AEC1528C10654008EFFEC /* FirebaseInstallations */ = {
			isa = XCSwiftPackageProductDependency;
			package = 9E1AEBF028C10654008EFFEC /* XCRemoteSwiftPackageReference "firebase-ios-sdk" */;
			productName = FirebaseInstallations;
		};
		9E1AEC1728C10654008EFFEC /* FirebaseMLModelDownloader */ = {
			isa = XCSwiftPackageProductDependency;
			package = 9E1AEBF028C10654008EFFEC /* XCRemoteSwiftPackageReference "firebase-ios-sdk" */;
			productName = FirebaseMLModelDownloader;
		};
		9E1AEC1928C10654008EFFEC /* FirebaseMessaging */ = {
			isa = XCSwiftPackageProductDependency;
			package = 9E1AEBF028C10654008EFFEC /* XCRemoteSwiftPackageReference "firebase-ios-sdk" */;
			productName = FirebaseMessaging;
		};
		9E1AEC1B28C10654008EFFEC /* FirebasePerformance */ = {
			isa = XCSwiftPackageProductDependency;
			package = 9E1AEBF028C10654008EFFEC /* XCRemoteSwiftPackageReference "firebase-ios-sdk" */;
			productName = FirebasePerformance;
		};
		9E1AEC1D28C10654008EFFEC /* FirebaseRemoteConfig */ = {
			isa = XCSwiftPackageProductDependency;
			package = 9E1AEBF028C10654008EFFEC /* XCRemoteSwiftPackageReference "firebase-ios-sdk" */;
			productName = FirebaseRemoteConfig;
		};
		9E1AEC1F28C10654008EFFEC /* FirebaseRemoteConfigSwift */ = {
			isa = XCSwiftPackageProductDependency;
			package = 9E1AEBF028C10654008EFFEC /* XCRemoteSwiftPackageReference "firebase-ios-sdk" */;
			productName = FirebaseRemoteConfigSwift;
		};
		9E1AEC2128C10654008EFFEC /* FirebaseStorage */ = {
			isa = XCSwiftPackageProductDependency;
			package = 9E1AEBF028C10654008EFFEC /* XCRemoteSwiftPackageReference "firebase-ios-sdk" */;
			productName = FirebaseStorage;
		};
		9E1AEC2328C10654008EFFEC /* FirebaseStorageCombine-Community */ = {
			isa = XCSwiftPackageProductDependency;
			package = 9E1AEBF028C10654008EFFEC /* XCRemoteSwiftPackageReference "firebase-ios-sdk" */;
			productName = "FirebaseStorageCombine-Community";
		};
/* End XCSwiftPackageProductDependency section */
	};
	rootObject = 9E9697062899161200A039D7 /* Project object */;
}
